// !$*UTF8*$!
{
	archiveVersion = 1;
	classes = {
	};
	objectVersion = 50;
	objects = {

/* Begin PBXBuildFile section */
		04AD2B5923789E92006380CE /* AppDelegate.swift in Sources */ = {isa = PBXBuildFile; fileRef = 04AD2B5823789E92006380CE /* AppDelegate.swift */; };
		04AD2B5B23789E92006380CE /* SceneDelegate.swift in Sources */ = {isa = PBXBuildFile; fileRef = 04AD2B5A23789E92006380CE /* SceneDelegate.swift */; };
		04AD2B5D23789E92006380CE /* ViewController.swift in Sources */ = {isa = PBXBuildFile; fileRef = 04AD2B5C23789E92006380CE /* ViewController.swift */; };
		04AD2B6023789E92006380CE /* Main.storyboard in Resources */ = {isa = PBXBuildFile; fileRef = 04AD2B5E23789E92006380CE /* Main.storyboard */; };
		04AD2B6223789F02006380CE /* Assets.xcassets in Resources */ = {isa = PBXBuildFile; fileRef = 04AD2B6123789F02006380CE /* Assets.xcassets */; };
		04AD2B6523789F03006380CE /* LaunchScreen.storyboard in Resources */ = {isa = PBXBuildFile; fileRef = 04AD2B6323789F03006380CE /* LaunchScreen.storyboard */; };
		04AD2B6D237993D4006380CE /* ClassDynamicswift.swift in Sources */ = {isa = PBXBuildFile; fileRef = 04AD2B6C237993D4006380CE /* ClassDynamicswift.swift */; };
		04AD2B6F237994E6006380CE /* Bond.swift in Sources */ = {isa = PBXBuildFile; fileRef = 04AD2B6E237994E6006380CE /* Bond.swift */; };
		04AD2B7123799B63006380CE /* Thread.swift in Sources */ = {isa = PBXBuildFile; fileRef = 04AD2B7023799B63006380CE /* Thread.swift */; };
		04AD2B7323799BB5006380CE /* ThreadView.swift in Sources */ = {isa = PBXBuildFile; fileRef = 04AD2B7223799BB5006380CE /* ThreadView.swift */; };
/* End PBXBuildFile section */

/* Begin PBXFileReference section */
		04AD2B5523789E92006380CE /* DataBindingEO.app */ = {isa = PBXFileReference; explicitFileType = wrapper.application; includeInIndex = 0; path = DataBindingEO.app; sourceTree = BUILT_PRODUCTS_DIR; };
		04AD2B5823789E92006380CE /* AppDelegate.swift */ = {isa = PBXFileReference; lastKnownFileType = sourcecode.swift; path = AppDelegate.swift; sourceTree = "<group>"; };
		04AD2B5A23789E92006380CE /* SceneDelegate.swift */ = {isa = PBXFileReference; lastKnownFileType = sourcecode.swift; path = SceneDelegate.swift; sourceTree = "<group>"; };
		04AD2B5C23789E92006380CE /* ViewController.swift */ = {isa = PBXFileReference; lastKnownFileType = sourcecode.swift; path = ViewController.swift; sourceTree = "<group>"; };
		04AD2B5F23789E92006380CE /* Base */ = {isa = PBXFileReference; lastKnownFileType = file.storyboard; name = Base; path = Base.lproj/Main.storyboard; sourceTree = "<group>"; };
		04AD2B6123789F02006380CE /* Assets.xcassets */ = {isa = PBXFileReference; lastKnownFileType = folder.assetcatalog; path = Assets.xcassets; sourceTree = "<group>"; };
		04AD2B6423789F03006380CE /* Base */ = {isa = PBXFileReference; lastKnownFileType = file.storyboard; name = Base; path = Base.lproj/LaunchScreen.storyboard; sourceTree = "<group>"; };
		04AD2B6623789F03006380CE /* Info.plist */ = {isa = PBXFileReference; lastKnownFileType = text.plist.xml; path = Info.plist; sourceTree = "<group>"; };
		04AD2B6C237993D4006380CE /* ClassDynamicswift.swift */ = {isa = PBXFileReference; lastKnownFileType = sourcecode.swift; path = ClassDynamicswift.swift; sourceTree = "<group>"; };
		04AD2B6E237994E6006380CE /* Bond.swift */ = {isa = PBXFileReference; lastKnownFileType = sourcecode.swift; path = Bond.swift; sourceTree = "<group>"; };
		04AD2B7023799B63006380CE /* Thread.swift */ = {isa = PBXFileReference; lastKnownFileType = sourcecode.swift; path = Thread.swift; sourceTree = "<group>"; };
		04AD2B7223799BB5006380CE /* ThreadView.swift */ = {isa = PBXFileReference; lastKnownFileType = sourcecode.swift; path = ThreadView.swift; sourceTree = "<group>"; };
/* End PBXFileReference section */

/* Begin PBXFrameworksBuildPhase section */
		04AD2B5223789E92006380CE /* Frameworks */ = {
			isa = PBXFrameworksBuildPhase;
			buildActionMask = 2147483647;
			files = (
			);
			runOnlyForDeploymentPostprocessing = 0;
		};
/* End PBXFrameworksBuildPhase section */

/* Begin PBXGroup section */
		04AD2B4C23789E91006380CE = {
			isa = PBXGroup;
			children = (
				04AD2B5723789E92006380CE /* DataBindingEO */,
				04AD2B5623789E92006380CE /* Products */,
			);
			sourceTree = "<group>";
		};
		04AD2B5623789E92006380CE /* Products */ = {
			isa = PBXGroup;
			children = (
				04AD2B5523789E92006380CE /* DataBindingEO.app */,
			);
			name = Products;
			sourceTree = "<group>";
		};
		04AD2B5723789E92006380CE /* DataBindingEO */ = {
			isa = PBXGroup;
			children = (
				04AD2B5823789E92006380CE /* AppDelegate.swift */,
				04AD2B5A23789E92006380CE /* SceneDelegate.swift */,
				04AD2B5C23789E92006380CE /* ViewController.swift */,
				04AD2B5E23789E92006380CE /* Main.storyboard */,
				04AD2B6123789F02006380CE /* Assets.xcassets */,
				04AD2B6323789F03006380CE /* LaunchScreen.storyboard */,
				04AD2B6623789F03006380CE /* Info.plist */,
				04AD2B6C237993D4006380CE /* ClassDynamicswift.swift */,
				04AD2B6E237994E6006380CE /* Bond.swift */,
				04AD2B7023799B63006380CE /* Thread.swift */,
				04AD2B7223799BB5006380CE /* ThreadView.swift */,
			);
			path = DataBindingEO;
			sourceTree = "<group>";
		};
/* End PBXGroup section */

/* Begin PBXNativeTarget section */
		04AD2B5423789E92006380CE /* DataBindingEO */ = {
			isa = PBXNativeTarget;
			buildConfigurationList = 04AD2B6923789F03006380CE /* Build configuration list for PBXNativeTarget "DataBindingEO" */;
			buildPhases = (
				04AD2B5123789E92006380CE /* Sources */,
				04AD2B5223789E92006380CE /* Frameworks */,
				04AD2B5323789E92006380CE /* Resources */,
			);
			buildRules = (
			);
			dependencies = (
			);
			name = DataBindingEO;
			productName = DataBindingEO;
			productReference = 04AD2B5523789E92006380CE /* DataBindingEO.app */;
			productType = "com.apple.product-type.application";
		};
/* End PBXNativeTarget section */

/* Begin PBXProject section */
		04AD2B4D23789E91006380CE /* Project object */ = {
			isa = PBXProject;
			attributes = {
				LastSwiftUpdateCheck = 1110;
				LastUpgradeCheck = 1110;
				ORGANIZATIONNAME = EricOusouphan;
				TargetAttributes = {
					04AD2B5423789E92006380CE = {
						CreatedOnToolsVersion = 11.1;
					};
				};
			};
			buildConfigurationList = 04AD2B5023789E91006380CE /* Build configuration list for PBXProject "DataBindingEO" */;
			compatibilityVersion = "Xcode 9.3";
			developmentRegion = en;
			hasScannedForEncodings = 0;
			knownRegions = (
				en,
				Base,
			);
			mainGroup = 04AD2B4C23789E91006380CE;
			productRefGroup = 04AD2B5623789E92006380CE /* Products */;
			projectDirPath = "";
			projectRoot = "";
			targets = (
				04AD2B5423789E92006380CE /* DataBindingEO */,
			);
		};
/* End PBXProject section */

/* Begin PBXResourcesBuildPhase section */
		04AD2B5323789E92006380CE /* Resources */ = {
			isa = PBXResourcesBuildPhase;
			buildActionMask = 2147483647;
			files = (
				04AD2B6523789F03006380CE /* LaunchScreen.storyboard in Resources */,
				04AD2B6223789F02006380CE /* Assets.xcassets in Resources */,
				04AD2B6023789E92006380CE /* Main.storyboard in Resources */,
			);
			runOnlyForDeploymentPostprocessing = 0;
		};
/* End PBXResourcesBuildPhase section */

/* Begin PBXSourcesBuildPhase section */
		04AD2B5123789E92006380CE /* Sources */ = {
			isa = PBXSourcesBuildPhase;
			buildActionMask = 2147483647;
			files = (
				04AD2B5D23789E92006380CE /* ViewController.swift in Sources */,
				04AD2B7123799B63006380CE /* Thread.swift in Sources */,
				04AD2B5923789E92006380CE /* AppDelegate.swift in Sources */,
				04AD2B6D237993D4006380CE /* ClassDynamicswift.swift in Sources */,
				04AD2B7323799BB5006380CE /* ThreadView.swift in Sources */,
				04AD2B6F237994E6006380CE /* Bond.swift in Sources */,
				04AD2B5B23789E92006380CE /* SceneDelegate.swift in Sources */,
			);
			runOnlyForDeploymentPostprocessing = 0;
		};
/* End PBXSourcesBuildPhase section */

/* Begin PBXVariantGroup section */
		04AD2B5E23789E92006380CE /* Main.storyboard */ = {
			isa = PBXVariantGroup;
			children = (
				04AD2B5F23789E92006380CE /* Base */,
			);
			name = Main.storyboard;
			sourceTree = "<group>";
		};
		04AD2B6323789F03006380CE /* LaunchScreen.storyboard */ = {
			isa = PBXVariantGroup;
			children = (
				04AD2B6423789F03006380CE /* Base */,
			);
			name = LaunchScreen.storyboard;
			sourceTree = "<group>";
		};
/* End PBXVariantGroup section */

/* Begin XCBuildConfiguration section */
		04AD2B6723789F03006380CE /* Debug */ = {
			isa = XCBuildConfiguration;
			buildSettings = {
				ALWAYS_SEARCH_USER_PATHS = NO;
				CLANG_ANALYZER_NONNULL = YES;
				CLANG_ANALYZER_NUMBER_OBJECT_CONVERSION = YES_AGGRESSIVE;
				CLANG_CXX_LANGUAGE_STANDARD = "gnu++14";
				CLANG_CXX_LIBRARY = "libc++";
				CLANG_ENABLE_MODULES = YES;
				CLANG_ENABLE_OBJC_ARC = YES;
				CLANG_ENABLE_OBJC_WEAK = YES;
				CLANG_WARN_BLOCK_CAPTURE_AUTORELEASING = YES;
				CLANG_WARN_BOOL_CONVERSION = YES;
				CLANG_WARN_COMMA = YES;
				CLANG_WARN_CONSTANT_CONVERSION = YES;
				CLANG_WARN_DEPRECATED_OBJC_IMPLEMENTATIONS = YES;
				CLANG_WARN_DIRECT_OBJC_ISA_USAGE = YES_ERROR;
				CLANG_WARN_DOCUMENTATION_COMMENTS = YES;
				CLANG_WARN_EMPTY_BODY = YES;
				CLANG_WARN_ENUM_CONVERSION = YES;
				CLANG_WARN_INFINITE_RECURSION = YES;
				CLANG_WARN_INT_CONVERSION = YES;
				CLANG_WARN_NON_LITERAL_NULL_CONVERSION = YES;
				CLANG_WARN_OBJC_IMPLICIT_RETAIN_SELF = YES;
				CLANG_WARN_OBJC_LITERAL_CONVERSION = YES;
				CLANG_WARN_OBJC_ROOT_CLASS = YES_ERROR;
				CLANG_WARN_RANGE_LOOP_ANALYSIS = YES;
				CLANG_WARN_STRICT_PROTOTYPES = YES;
				CLANG_WARN_SUSPICIOUS_MOVE = YES;
				CLANG_WARN_UNGUARDED_AVAILABILITY = YES_AGGRESSIVE;
				CLANG_WARN_UNREACHABLE_CODE = YES;
				CLANG_WARN__DUPLICATE_METHOD_MATCH = YES;
				COPY_PHASE_STRIP = NO;
				DEBUG_INFORMATION_FORMAT = dwarf;
				ENABLE_STRICT_OBJC_MSGSEND = YES;
				ENABLE_TESTABILITY = YES;
				GCC_C_LANGUAGE_STANDARD = gnu11;
				GCC_DYNAMIC_NO_PIC = NO;
				GCC_NO_COMMON_BLOCKS = YES;
				GCC_OPTIMIZATION_LEVEL = 0;
				GCC_PREPROCESSOR_DEFINITIONS = (
					"DEBUG=1",
					"$(inherited)",
				);
				GCC_WARN_64_TO_32_BIT_CONVERSION = YES;
				GCC_WARN_ABOUT_RETURN_TYPE = YES_ERROR;
				GCC_WARN_UNDECLARED_SELECTOR = YES;
				GCC_WARN_UNINITIALIZED_AUTOS = YES_AGGRESSIVE;
				GCC_WARN_UNUSED_FUNCTION = YES;
				GCC_WARN_UNUSED_VARIABLE = YES;
				IPHONEOS_DEPLOYMENT_TARGET = 13.1;
				MTL_ENABLE_DEBUG_INFO = INCLUDE_SOURCE;
				MTL_FAST_MATH = YES;
				ONLY_ACTIVE_ARCH = YES;
				SDKROOT = iphoneos;
				SWIFT_ACTIVE_COMPILATION_CONDITIONS = DEBUG;
				SWIFT_OPTIMIZATION_LEVEL = "-Onone";
			};
			name = Debug;
		};
		04AD2B6823789F03006380CE /* Release */ = {
			isa = XCBuildConfiguration;
			buildSettings = {
				ALWAYS_SEARCH_USER_PATHS = NO;
				CLANG_ANALYZER_NONNULL = YES;
				CLANG_ANALYZER_NUMBER_OBJECT_CONVERSION = YES_AGGRESSIVE;
				CLANG_CXX_LANGUAGE_STANDARD = "gnu++14";
				CLANG_CXX_LIBRARY = "libc++";
				CLANG_ENABLE_MODULES = YES;
				CLANG_ENABLE_OBJC_ARC = YES;
				CLANG_ENABLE_OBJC_WEAK = YES;
				CLANG_WARN_BLOCK_CAPTURE_AUTORELEASING = YES;
				CLANG_WARN_BOOL_CONVERSION = YES;
				CLANG_WARN_COMMA = YES;
				CLANG_WARN_CONSTANT_CONVERSION = YES;
				CLANG_WARN_DEPRECATED_OBJC_IMPLEMENTATIONS = YES;
				CLANG_WARN_DIRECT_OBJC_ISA_USAGE = YES_ERROR;
				CLANG_WARN_DOCUMENTATION_COMMENTS = YES;
				CLANG_WARN_EMPTY_BODY = YES;
				CLANG_WARN_ENUM_CONVERSION = YES;
				CLANG_WARN_INFINITE_RECURSION = YES;
				CLANG_WARN_INT_CONVERSION = YES;
				CLANG_WARN_NON_LITERAL_NULL_CONVERSION = YES;
				CLANG_WARN_OBJC_IMPLICIT_RETAIN_SELF = YES;
				CLANG_WARN_OBJC_LITERAL_CONVERSION = YES;
				CLANG_WARN_OBJC_ROOT_CLASS = YES_ERROR;
				CLANG_WARN_RANGE_LOOP_ANALYSIS = YES;
				CLANG_WARN_STRICT_PROTOTYPES = YES;
				CLANG_WARN_SUSPICIOUS_MOVE = YES;
				CLANG_WARN_UNGUARDED_AVAILABILITY = YES_AGGRESSIVE;
				CLANG_WARN_UNREACHABLE_CODE = YES;
				CLANG_WARN__DUPLICATE_METHOD_MATCH = YES;
				COPY_PHASE_STRIP = NO;
				DEBUG_INFORMATION_FORMAT = "dwarf-with-dsym";
				ENABLE_NS_ASSERTIONS = NO;
				ENABLE_STRICT_OBJC_MSGSEND = YES;
				GCC_C_LANGUAGE_STANDARD = gnu11;
				GCC_NO_COMMON_BLOCKS = YES;
				GCC_WARN_64_TO_32_BIT_CONVERSION = YES;
				GCC_WARN_ABOUT_RETURN_TYPE = YES_ERROR;
				GCC_WARN_UNDECLARED_SELECTOR = YES;
				GCC_WARN_UNINITIALIZED_AUTOS = YES_AGGRESSIVE;
				GCC_WARN_UNUSED_FUNCTION = YES;
				GCC_WARN_UNUSED_VARIABLE = YES;
				IPHONEOS_DEPLOYMENT_TARGET = 13.1;
				MTL_ENABLE_DEBUG_INFO = NO;
				MTL_FAST_MATH = YES;
				SDKROOT = iphoneos;
				SWIFT_COMPILATION_MODE = wholemodule;
				SWIFT_OPTIMIZATION_LEVEL = "-O";
				VALIDATE_PRODUCT = YES;
			};
			name = Release;
		};
		04AD2B6A23789F03006380CE /* Debug */ = {
			isa = XCBuildConfiguration;
			buildSettings = {
				ASSETCATALOG_COMPILER_APPICON_NAME = AppIcon;
				CODE_SIGN_STYLE = Automatic;
				INFOPLIST_FILE = DataBindingEO/Info.plist;
				LD_RUNPATH_SEARCH_PATHS = (
					"$(inherited)",
					"@executable_path/Frameworks",
				);
				PRODUCT_BUNDLE_IDENTIFIER = com.ousouphan.project.DataBindingEO;
				PRODUCT_NAME = "$(TARGET_NAME)";
				SWIFT_VERSION = 5.0;
				TARGETED_DEVICE_FAMILY = "1,2";
			};
			name = Debug;
		};
		04AD2B6B23789F03006380CE /* Release */ = {
			isa = XCBuildConfiguration;
			buildSettings = {
				ASSETCATALOG_COMPILER_APPICON_NAME = AppIcon;
				CODE_SIGN_STYLE = Automatic;
				INFOPLIST_FILE = DataBindingEO/Info.plist;
				LD_RUNPATH_SEARCH_PATHS = (
					"$(inherited)",
					"@executable_path/Frameworks",
				);
				PRODUCT_BUNDLE_IDENTIFIER = com.ousouphan.project.DataBindingEO;
				PRODUCT_NAME = "$(TARGET_NAME)";
				SWIFT_VERSION = 5.0;
				TARGETED_DEVICE_FAMILY = "1,2";
			};
			name = Release;
		};
/* End XCBuildConfiguration section */

/* Begin XCConfigurationList section */
		04AD2B5023789E91006380CE /* Build configuration list for PBXProject "DataBindingEO" */ = {
			isa = XCConfigurationList;
			buildConfigurations = (
				04AD2B6723789F03006380CE /* Debug */,
				04AD2B6823789F03006380CE /* Release */,
			);
			defaultConfigurationIsVisible = 0;
			defaultConfigurationName = Release;
		};
		04AD2B6923789F03006380CE /* Build configuration list for PBXNativeTarget "DataBindingEO" */ = {
			isa = XCConfigurationList;
			buildConfigurations = (
				04AD2B6A23789F03006380CE /* Debug */,
				04AD2B6B23789F03006380CE /* Release */,
			);
			defaultConfigurationIsVisible = 0;
			defaultConfigurationName = Release;
		};
/* End XCConfigurationList section */
	};
	rootObject = 04AD2B4D23789E91006380CE /* Project object */;
}
