// !$*UTF8*$!
{
	archiveVersion = 1;
	classes = {
	};
	objectVersion = 50;
	objects = {

/* Begin PBXBuildFile section */
		04923E672351194A0095B64E /* AppDelegate.swift in Sources */ = {isa = PBXBuildFile; fileRef = 04923E662351194A0095B64E /* AppDelegate.swift */; };
		04923E692351194A0095B64E /* SceneDelegate.swift in Sources */ = {isa = PBXBuildFile; fileRef = 04923E682351194A0095B64E /* SceneDelegate.swift */; };
		04923E6B2351194A0095B64E /* ViewController.swift in Sources */ = {isa = PBXBuildFile; fileRef = 04923E6A2351194A0095B64E /* ViewController.swift */; };
		04923E6E2351194A0095B64E /* Main.storyboard in Resources */ = {isa = PBXBuildFile; fileRef = 04923E6C2351194A0095B64E /* Main.storyboard */; };
		04923E70235119530095B64E /* Assets.xcassets in Resources */ = {isa = PBXBuildFile; fileRef = 04923E6F235119530095B64E /* Assets.xcassets */; };
		04923E73235119530095B64E /* LaunchScreen.storyboard in Resources */ = {isa = PBXBuildFile; fileRef = 04923E71235119530095B64E /* LaunchScreen.storyboard */; };
		04923E7F235245040095B64E /* DetailedViewController.swift in Sources */ = {isa = PBXBuildFile; fileRef = 04923E7E235245040095B64E /* DetailedViewController.swift */; };
/* End PBXBuildFile section */

/* Begin PBXFileReference section */
		04923E632351194A0095B64E /* TablesHomeworkEricOusouphan.app */ = {isa = PBXFileReference; explicitFileType = wrapper.application; includeInIndex = 0; path = TablesHomeworkEricOusouphan.app; sourceTree = BUILT_PRODUCTS_DIR; };
		04923E662351194A0095B64E /* AppDelegate.swift */ = {isa = PBXFileReference; lastKnownFileType = sourcecode.swift; path = AppDelegate.swift; sourceTree = "<group>"; };
		04923E682351194A0095B64E /* SceneDelegate.swift */ = {isa = PBXFileReference; lastKnownFileType = sourcecode.swift; path = SceneDelegate.swift; sourceTree = "<group>"; };
		04923E6A2351194A0095B64E /* ViewController.swift */ = {isa = PBXFileReference; lastKnownFileType = sourcecode.swift; path = ViewController.swift; sourceTree = "<group>"; };
		04923E6D2351194A0095B64E /* Base */ = {isa = PBXFileReference; lastKnownFileType = file.storyboard; name = Base; path = Base.lproj/Main.storyboard; sourceTree = "<group>"; };
		04923E6F235119530095B64E /* Assets.xcassets */ = {isa = PBXFileReference; lastKnownFileType = folder.assetcatalog; path = Assets.xcassets; sourceTree = "<group>"; };
		04923E72235119530095B64E /* Base */ = {isa = PBXFileReference; lastKnownFileType = file.storyboard; name = Base; path = Base.lproj/LaunchScreen.storyboard; sourceTree = "<group>"; };
		04923E74235119530095B64E /* Info.plist */ = {isa = PBXFileReference; lastKnownFileType = text.plist.xml; path = Info.plist; sourceTree = "<group>"; };
		04923E7E235245040095B64E /* DetailedViewController.swift */ = {isa = PBXFileReference; lastKnownFileType = sourcecode.swift; path = DetailedViewController.swift; sourceTree = "<group>"; };
/* End PBXFileReference section */

/* Begin PBXFrameworksBuildPhase section */
		04923E602351194A0095B64E /* Frameworks */ = {
			isa = PBXFrameworksBuildPhase;
			buildActionMask = 2147483647;
			files = (
			);
			runOnlyForDeploymentPostprocessing = 0;
		};
/* End PBXFrameworksBuildPhase section */

/* Begin PBXGroup section */
		04923E5A2351194A0095B64E = {
			isa = PBXGroup;
			children = (
				04923E652351194A0095B64E /* TablesHomeworkEricOusouphan */,
				04923E642351194A0095B64E /* Products */,
			);
			sourceTree = "<group>";
		};
		04923E642351194A0095B64E /* Products */ = {
			isa = PBXGroup;
			children = (
				04923E632351194A0095B64E /* TablesHomeworkEricOusouphan.app */,
			);
			name = Products;
			sourceTree = "<group>";
		};
		04923E652351194A0095B64E /* TablesHomeworkEricOusouphan */ = {
			isa = PBXGroup;
			children = (
				04923E662351194A0095B64E /* AppDelegate.swift */,
				04923E682351194A0095B64E /* SceneDelegate.swift */,
				04923E6A2351194A0095B64E /* ViewController.swift */,
				04923E6C2351194A0095B64E /* Main.storyboard */,
				04923E6F235119530095B64E /* Assets.xcassets */,
				04923E71235119530095B64E /* LaunchScreen.storyboard */,
				04923E74235119530095B64E /* Info.plist */,
				04923E7E235245040095B64E /* DetailedViewController.swift */,
			);
			path = TablesHomeworkEricOusouphan;
			sourceTree = "<group>";
		};
/* End PBXGroup section */

/* Begin PBXNativeTarget section */
		04923E622351194A0095B64E /* TablesHomeworkEricOusouphan */ = {
			isa = PBXNativeTarget;
			buildConfigurationList = 04923E77235119530095B64E /* Build configuration list for PBXNativeTarget "TablesHomeworkEricOusouphan" */;
			buildPhases = (
				04923E5F2351194A0095B64E /* Sources */,
				04923E602351194A0095B64E /* Frameworks */,
				04923E612351194A0095B64E /* Resources */,
			);
			buildRules = (
			);
			dependencies = (
			);
			name = TablesHomeworkEricOusouphan;
			productName = TablesHomeworkEricOusouphan;
			productReference = 04923E632351194A0095B64E /* TablesHomeworkEricOusouphan.app */;
			productType = "com.apple.product-type.application";
		};
/* End PBXNativeTarget section */

/* Begin PBXProject section */
		04923E5B2351194A0095B64E /* Project object */ = {
			isa = PBXProject;
			attributes = {
				LastSwiftUpdateCheck = 1110;
				LastUpgradeCheck = 1110;
				ORGANIZATIONNAME = EricOusouphan;
				TargetAttributes = {
					04923E622351194A0095B64E = {
						CreatedOnToolsVersion = 11.1;
					};
				};
			};
			buildConfigurationList = 04923E5E2351194A0095B64E /* Build configuration list for PBXProject "TablesHomeworkEricOusouphan" */;
			compatibilityVersion = "Xcode 9.3";
			developmentRegion = en;
			hasScannedForEncodings = 0;
			knownRegions = (
				en,
				Base,
			);
			mainGroup = 04923E5A2351194A0095B64E;
			productRefGroup = 04923E642351194A0095B64E /* Products */;
			projectDirPath = "";
			projectRoot = "";
			targets = (
				04923E622351194A0095B64E /* TablesHomeworkEricOusouphan */,
			);
		};
/* End PBXProject section */

/* Begin PBXResourcesBuildPhase section */
		04923E612351194A0095B64E /* Resources */ = {
			isa = PBXResourcesBuildPhase;
			buildActionMask = 2147483647;
			files = (
				04923E73235119530095B64E /* LaunchScreen.storyboard in Resources */,
				04923E70235119530095B64E /* Assets.xcassets in Resources */,
				04923E6E2351194A0095B64E /* Main.storyboard in Resources */,
			);
			runOnlyForDeploymentPostprocessing = 0;
		};
/* End PBXResourcesBuildPhase section */

/* Begin PBXSourcesBuildPhase section */
		04923E5F2351194A0095B64E /* Sources */ = {
			isa = PBXSourcesBuildPhase;
			buildActionMask = 2147483647;
			files = (
				04923E6B2351194A0095B64E /* ViewController.swift in Sources */,
				04923E672351194A0095B64E /* AppDelegate.swift in Sources */,
				04923E7F235245040095B64E /* DetailedViewController.swift in Sources */,
				04923E692351194A0095B64E /* SceneDelegate.swift in Sources */,
			);
			runOnlyForDeploymentPostprocessing = 0;
		};
/* End PBXSourcesBuildPhase section */

/* Begin PBXVariantGroup section */
		04923E6C2351194A0095B64E /* Main.storyboard */ = {
			isa = PBXVariantGroup;
			children = (
				04923E6D2351194A0095B64E /* Base */,
			);
			name = Main.storyboard;
			sourceTree = "<group>";
		};
		04923E71235119530095B64E /* LaunchScreen.storyboard */ = {
			isa = PBXVariantGroup;
			children = (
				04923E72235119530095B64E /* Base */,
			);
			name = LaunchScreen.storyboard;
			sourceTree = "<group>";
		};
/* End PBXVariantGroup section */

/* Begin XCBuildConfiguration section */
		04923E75235119530095B64E /* Debug */ = {
			isa = XCBuildConfiguration;
			buildSettings = {
				ALWAYS_SEARCH_USER_PATHS = NO;
				CLANG_ANALYZER_NONNULL = YES;
				CLANG_ANALYZER_NUMBER_OBJECT_CONVERSION = YES_AGGRESSIVE;
				CLANG_CXX_LANGUAGE_STANDARD = "gnu++14";
				CLANG_CXX_LIBRARY = "libc++";
				CLANG_ENABLE_MODULES = YES;
				CLANG_ENABLE_OBJC_ARC = YES;
				CLANG_ENABLE_OBJC_WEAK = YES;
				CLANG_WARN_BLOCK_CAPTURE_AUTORELEASING = YES;
				CLANG_WARN_BOOL_CONVERSION = YES;
				CLANG_WARN_COMMA = YES;
				CLANG_WARN_CONSTANT_CONVERSION = YES;
				CLANG_WARN_DEPRECATED_OBJC_IMPLEMENTATIONS = YES;
				CLANG_WARN_DIRECT_OBJC_ISA_USAGE = YES_ERROR;
				CLANG_WARN_DOCUMENTATION_COMMENTS = YES;
				CLANG_WARN_EMPTY_BODY = YES;
				CLANG_WARN_ENUM_CONVERSION = YES;
				CLANG_WARN_INFINITE_RECURSION = YES;
				CLANG_WARN_INT_CONVERSION = YES;
				CLANG_WARN_NON_LITERAL_NULL_CONVERSION = YES;
				CLANG_WARN_OBJC_IMPLICIT_RETAIN_SELF = YES;
				CLANG_WARN_OBJC_LITERAL_CONVERSION = YES;
				CLANG_WARN_OBJC_ROOT_CLASS = YES_ERROR;
				CLANG_WARN_RANGE_LOOP_ANALYSIS = YES;
				CLANG_WARN_STRICT_PROTOTYPES = YES;
				CLANG_WARN_SUSPICIOUS_MOVE = YES;
				CLANG_WARN_UNGUARDED_AVAILABILITY = YES_AGGRESSIVE;
				CLANG_WARN_UNREACHABLE_CODE = YES;
				CLANG_WARN__DUPLICATE_METHOD_MATCH = YES;
				COPY_PHASE_STRIP = NO;
				DEBUG_INFORMATION_FORMAT = dwarf;
				ENABLE_STRICT_OBJC_MSGSEND = YES;
				ENABLE_TESTABILITY = YES;
				GCC_C_LANGUAGE_STANDARD = gnu11;
				GCC_DYNAMIC_NO_PIC = NO;
				GCC_NO_COMMON_BLOCKS = YES;
				GCC_OPTIMIZATION_LEVEL = 0;
				GCC_PREPROCESSOR_DEFINITIONS = (
					"DEBUG=1",
					"$(inherited)",
				);
				GCC_WARN_64_TO_32_BIT_CONVERSION = YES;
				GCC_WARN_ABOUT_RETURN_TYPE = YES_ERROR;
				GCC_WARN_UNDECLARED_SELECTOR = YES;
				GCC_WARN_UNINITIALIZED_AUTOS = YES_AGGRESSIVE;
				GCC_WARN_UNUSED_FUNCTION = YES;
				GCC_WARN_UNUSED_VARIABLE = YES;
				IPHONEOS_DEPLOYMENT_TARGET = 13.1;
				MTL_ENABLE_DEBUG_INFO = INCLUDE_SOURCE;
				MTL_FAST_MATH = YES;
				ONLY_ACTIVE_ARCH = YES;
				SDKROOT = iphoneos;
				SWIFT_ACTIVE_COMPILATION_CONDITIONS = DEBUG;
				SWIFT_OPTIMIZATION_LEVEL = "-Onone";
			};
			name = Debug;
		};
		04923E76235119530095B64E /* Release */ = {
			isa = XCBuildConfiguration;
			buildSettings = {
				ALWAYS_SEARCH_USER_PATHS = NO;
				CLANG_ANALYZER_NONNULL = YES;
				CLANG_ANALYZER_NUMBER_OBJECT_CONVERSION = YES_AGGRESSIVE;
				CLANG_CXX_LANGUAGE_STANDARD = "gnu++14";
				CLANG_CXX_LIBRARY = "libc++";
				CLANG_ENABLE_MODULES = YES;
				CLANG_ENABLE_OBJC_ARC = YES;
				CLANG_ENABLE_OBJC_WEAK = YES;
				CLANG_WARN_BLOCK_CAPTURE_AUTORELEASING = YES;
				CLANG_WARN_BOOL_CONVERSION = YES;
				CLANG_WARN_COMMA = YES;
				CLANG_WARN_CONSTANT_CONVERSION = YES;
				CLANG_WARN_DEPRECATED_OBJC_IMPLEMENTATIONS = YES;
				CLANG_WARN_DIRECT_OBJC_ISA_USAGE = YES_ERROR;
				CLANG_WARN_DOCUMENTATION_COMMENTS = YES;
				CLANG_WARN_EMPTY_BODY = YES;
				CLANG_WARN_ENUM_CONVERSION = YES;
				CLANG_WARN_INFINITE_RECURSION = YES;
				CLANG_WARN_INT_CONVERSION = YES;
				CLANG_WARN_NON_LITERAL_NULL_CONVERSION = YES;
				CLANG_WARN_OBJC_IMPLICIT_RETAIN_SELF = YES;
				CLANG_WARN_OBJC_LITERAL_CONVERSION = YES;
				CLANG_WARN_OBJC_ROOT_CLASS = YES_ERROR;
				CLANG_WARN_RANGE_LOOP_ANALYSIS = YES;
				CLANG_WARN_STRICT_PROTOTYPES = YES;
				CLANG_WARN_SUSPICIOUS_MOVE = YES;
				CLANG_WARN_UNGUARDED_AVAILABILITY = YES_AGGRESSIVE;
				CLANG_WARN_UNREACHABLE_CODE = YES;
				CLANG_WARN__DUPLICATE_METHOD_MATCH = YES;
				COPY_PHASE_STRIP = NO;
				DEBUG_INFORMATION_FORMAT = "dwarf-with-dsym";
				ENABLE_NS_ASSERTIONS = NO;
				ENABLE_STRICT_OBJC_MSGSEND = YES;
				GCC_C_LANGUAGE_STANDARD = gnu11;
				GCC_NO_COMMON_BLOCKS = YES;
				GCC_WARN_64_TO_32_BIT_CONVERSION = YES;
				GCC_WARN_ABOUT_RETURN_TYPE = YES_ERROR;
				GCC_WARN_UNDECLARED_SELECTOR = YES;
				GCC_WARN_UNINITIALIZED_AUTOS = YES_AGGRESSIVE;
				GCC_WARN_UNUSED_FUNCTION = YES;
				GCC_WARN_UNUSED_VARIABLE = YES;
				IPHONEOS_DEPLOYMENT_TARGET = 13.1;
				MTL_ENABLE_DEBUG_INFO = NO;
				MTL_FAST_MATH = YES;
				SDKROOT = iphoneos;
				SWIFT_COMPILATION_MODE = wholemodule;
				SWIFT_OPTIMIZATION_LEVEL = "-O";
				VALIDATE_PRODUCT = YES;
			};
			name = Release;
		};
		04923E78235119530095B64E /* Debug */ = {
			isa = XCBuildConfiguration;
			buildSettings = {
				ASSETCATALOG_COMPILER_APPICON_NAME = AppIcon;
				CODE_SIGN_STYLE = Automatic;
				INFOPLIST_FILE = TablesHomeworkEricOusouphan/Info.plist;
				LD_RUNPATH_SEARCH_PATHS = (
					"$(inherited)",
					"@executable_path/Frameworks",
				);
				PRODUCT_BUNDLE_IDENTIFIER = com.ousouphan.project.TablesHomeworkEricOusouphan;
				PRODUCT_NAME = "$(TARGET_NAME)";
				SWIFT_VERSION = 5.0;
				TARGETED_DEVICE_FAMILY = "1,2";
			};
			name = Debug;
		};
		04923E79235119530095B64E /* Release */ = {
			isa = XCBuildConfiguration;
			buildSettings = {
				ASSETCATALOG_COMPILER_APPICON_NAME = AppIcon;
				CODE_SIGN_STYLE = Automatic;
				INFOPLIST_FILE = TablesHomeworkEricOusouphan/Info.plist;
				LD_RUNPATH_SEARCH_PATHS = (
					"$(inherited)",
					"@executable_path/Frameworks",
				);
				PRODUCT_BUNDLE_IDENTIFIER = com.ousouphan.project.TablesHomeworkEricOusouphan;
				PRODUCT_NAME = "$(TARGET_NAME)";
				SWIFT_VERSION = 5.0;
				TARGETED_DEVICE_FAMILY = "1,2";
			};
			name = Release;
		};
/* End XCBuildConfiguration section */

/* Begin XCConfigurationList section */
		04923E5E2351194A0095B64E /* Build configuration list for PBXProject "TablesHomeworkEricOusouphan" */ = {
			isa = XCConfigurationList;
			buildConfigurations = (
				04923E75235119530095B64E /* Debug */,
				04923E76235119530095B64E /* Release */,
			);
			defaultConfigurationIsVisible = 0;
			defaultConfigurationName = Release;
		};
		04923E77235119530095B64E /* Build configuration list for PBXNativeTarget "TablesHomeworkEricOusouphan" */ = {
			isa = XCConfigurationList;
			buildConfigurations = (
				04923E78235119530095B64E /* Debug */,
				04923E79235119530095B64E /* Release */,
			);
			defaultConfigurationIsVisible = 0;
			defaultConfigurationName = Release;
		};
/* End XCConfigurationList section */
	};
	rootObject = 04923E5B2351194A0095B64E /* Project object */;
}
