// !$*UTF8*$!
{
	archiveVersion = 1;
	classes = {
	};
	objectVersion = 50;
	objects = {

/* Begin PBXBuildFile section */
		045426522359E47E00D10663 /* AppDelegate.swift in Sources */ = {isa = PBXBuildFile; fileRef = 045426512359E47E00D10663 /* AppDelegate.swift */; };
		045426542359E47E00D10663 /* SceneDelegate.swift in Sources */ = {isa = PBXBuildFile; fileRef = 045426532359E47E00D10663 /* SceneDelegate.swift */; };
		045426562359E47E00D10663 /* ViewController.swift in Sources */ = {isa = PBXBuildFile; fileRef = 045426552359E47E00D10663 /* ViewController.swift */; };
		045426592359E47E00D10663 /* Main.storyboard in Resources */ = {isa = PBXBuildFile; fileRef = 045426572359E47E00D10663 /* Main.storyboard */; };
		0454265B2359E48C00D10663 /* Assets.xcassets in Resources */ = {isa = PBXBuildFile; fileRef = 0454265A2359E48C00D10663 /* Assets.xcassets */; };
		0454265E2359E48C00D10663 /* LaunchScreen.storyboard in Resources */ = {isa = PBXBuildFile; fileRef = 0454265C2359E48C00D10663 /* LaunchScreen.storyboard */; };
		04542669235A122500D10663 /* DetailedTableViewCell.swift in Sources */ = {isa = PBXBuildFile; fileRef = 04542667235A122500D10663 /* DetailedTableViewCell.swift */; };
		0454266A235A122500D10663 /* DetailedTableViewCell.xib in Resources */ = {isa = PBXBuildFile; fileRef = 04542668235A122500D10663 /* DetailedTableViewCell.xib */; };
/* End PBXBuildFile section */

/* Begin PBXFileReference section */
		0454264E2359E47E00D10663 /* EricOusouphanWeek2Test.app */ = {isa = PBXFileReference; explicitFileType = wrapper.application; includeInIndex = 0; path = EricOusouphanWeek2Test.app; sourceTree = BUILT_PRODUCTS_DIR; };
		045426512359E47E00D10663 /* AppDelegate.swift */ = {isa = PBXFileReference; lastKnownFileType = sourcecode.swift; path = AppDelegate.swift; sourceTree = "<group>"; };
		045426532359E47E00D10663 /* SceneDelegate.swift */ = {isa = PBXFileReference; lastKnownFileType = sourcecode.swift; path = SceneDelegate.swift; sourceTree = "<group>"; };
		045426552359E47E00D10663 /* ViewController.swift */ = {isa = PBXFileReference; lastKnownFileType = sourcecode.swift; path = ViewController.swift; sourceTree = "<group>"; };
		045426582359E47E00D10663 /* Base */ = {isa = PBXFileReference; lastKnownFileType = file.storyboard; name = Base; path = Base.lproj/Main.storyboard; sourceTree = "<group>"; };
		0454265A2359E48C00D10663 /* Assets.xcassets */ = {isa = PBXFileReference; lastKnownFileType = folder.assetcatalog; path = Assets.xcassets; sourceTree = "<group>"; };
		0454265D2359E48C00D10663 /* Base */ = {isa = PBXFileReference; lastKnownFileType = file.storyboard; name = Base; path = Base.lproj/LaunchScreen.storyboard; sourceTree = "<group>"; };
		0454265F2359E48C00D10663 /* Info.plist */ = {isa = PBXFileReference; lastKnownFileType = text.plist.xml; path = Info.plist; sourceTree = "<group>"; };
		04542667235A122500D10663 /* DetailedTableViewCell.swift */ = {isa = PBXFileReference; lastKnownFileType = sourcecode.swift; path = DetailedTableViewCell.swift; sourceTree = "<group>"; };
		04542668235A122500D10663 /* DetailedTableViewCell.xib */ = {isa = PBXFileReference; lastKnownFileType = file.xib; path = DetailedTableViewCell.xib; sourceTree = "<group>"; };
/* End PBXFileReference section */

/* Begin PBXFrameworksBuildPhase section */
		0454264B2359E47E00D10663 /* Frameworks */ = {
			isa = PBXFrameworksBuildPhase;
			buildActionMask = 2147483647;
			files = (
			);
			runOnlyForDeploymentPostprocessing = 0;
		};
/* End PBXFrameworksBuildPhase section */

/* Begin PBXGroup section */
		045426452359E47E00D10663 = {
			isa = PBXGroup;
			children = (
				045426502359E47E00D10663 /* EricOusouphanWeek2Test */,
				0454264F2359E47E00D10663 /* Products */,
			);
			sourceTree = "<group>";
		};
		0454264F2359E47E00D10663 /* Products */ = {
			isa = PBXGroup;
			children = (
				0454264E2359E47E00D10663 /* EricOusouphanWeek2Test.app */,
			);
			name = Products;
			sourceTree = "<group>";
		};
		045426502359E47E00D10663 /* EricOusouphanWeek2Test */ = {
			isa = PBXGroup;
			children = (
				045426512359E47E00D10663 /* AppDelegate.swift */,
				045426532359E47E00D10663 /* SceneDelegate.swift */,
				045426552359E47E00D10663 /* ViewController.swift */,
				045426572359E47E00D10663 /* Main.storyboard */,
				0454265A2359E48C00D10663 /* Assets.xcassets */,
				0454265C2359E48C00D10663 /* LaunchScreen.storyboard */,
				0454265F2359E48C00D10663 /* Info.plist */,
				04542667235A122500D10663 /* DetailedTableViewCell.swift */,
				04542668235A122500D10663 /* DetailedTableViewCell.xib */,
			);
			path = EricOusouphanWeek2Test;
			sourceTree = "<group>";
		};
/* End PBXGroup section */

/* Begin PBXNativeTarget section */
		0454264D2359E47E00D10663 /* EricOusouphanWeek2Test */ = {
			isa = PBXNativeTarget;
			buildConfigurationList = 045426622359E48C00D10663 /* Build configuration list for PBXNativeTarget "EricOusouphanWeek2Test" */;
			buildPhases = (
				0454264A2359E47E00D10663 /* Sources */,
				0454264B2359E47E00D10663 /* Frameworks */,
				0454264C2359E47E00D10663 /* Resources */,
			);
			buildRules = (
			);
			dependencies = (
			);
			name = EricOusouphanWeek2Test;
			productName = EricOusouphanWeek2Test;
			productReference = 0454264E2359E47E00D10663 /* EricOusouphanWeek2Test.app */;
			productType = "com.apple.product-type.application";
		};
/* End PBXNativeTarget section */

/* Begin PBXProject section */
		045426462359E47E00D10663 /* Project object */ = {
			isa = PBXProject;
			attributes = {
				LastSwiftUpdateCheck = 1110;
				LastUpgradeCheck = 1110;
				ORGANIZATIONNAME = EricOusouphan;
				TargetAttributes = {
					0454264D2359E47E00D10663 = {
						CreatedOnToolsVersion = 11.1;
					};
				};
			};
			buildConfigurationList = 045426492359E47E00D10663 /* Build configuration list for PBXProject "EricOusouphanWeek2Test" */;
			compatibilityVersion = "Xcode 9.3";
			developmentRegion = en;
			hasScannedForEncodings = 0;
			knownRegions = (
				en,
				Base,
			);
			mainGroup = 045426452359E47E00D10663;
			productRefGroup = 0454264F2359E47E00D10663 /* Products */;
			projectDirPath = "";
			projectRoot = "";
			targets = (
				0454264D2359E47E00D10663 /* EricOusouphanWeek2Test */,
			);
		};
/* End PBXProject section */

/* Begin PBXResourcesBuildPhase section */
		0454264C2359E47E00D10663 /* Resources */ = {
			isa = PBXResourcesBuildPhase;
			buildActionMask = 2147483647;
			files = (
				0454265E2359E48C00D10663 /* LaunchScreen.storyboard in Resources */,
				0454266A235A122500D10663 /* DetailedTableViewCell.xib in Resources */,
				0454265B2359E48C00D10663 /* Assets.xcassets in Resources */,
				045426592359E47E00D10663 /* Main.storyboard in Resources */,
			);
			runOnlyForDeploymentPostprocessing = 0;
		};
/* End PBXResourcesBuildPhase section */

/* Begin PBXSourcesBuildPhase section */
		0454264A2359E47E00D10663 /* Sources */ = {
			isa = PBXSourcesBuildPhase;
			buildActionMask = 2147483647;
			files = (
				045426562359E47E00D10663 /* ViewController.swift in Sources */,
				04542669235A122500D10663 /* DetailedTableViewCell.swift in Sources */,
				045426522359E47E00D10663 /* AppDelegate.swift in Sources */,
				045426542359E47E00D10663 /* SceneDelegate.swift in Sources */,
			);
			runOnlyForDeploymentPostprocessing = 0;
		};
/* End PBXSourcesBuildPhase section */

/* Begin PBXVariantGroup section */
		045426572359E47E00D10663 /* Main.storyboard */ = {
			isa = PBXVariantGroup;
			children = (
				045426582359E47E00D10663 /* Base */,
			);
			name = Main.storyboard;
			sourceTree = "<group>";
		};
		0454265C2359E48C00D10663 /* LaunchScreen.storyboard */ = {
			isa = PBXVariantGroup;
			children = (
				0454265D2359E48C00D10663 /* Base */,
			);
			name = LaunchScreen.storyboard;
			sourceTree = "<group>";
		};
/* End PBXVariantGroup section */

/* Begin XCBuildConfiguration section */
		045426602359E48C00D10663 /* Debug */ = {
			isa = XCBuildConfiguration;
			buildSettings = {
				ALWAYS_SEARCH_USER_PATHS = NO;
				CLANG_ANALYZER_NONNULL = YES;
				CLANG_ANALYZER_NUMBER_OBJECT_CONVERSION = YES_AGGRESSIVE;
				CLANG_CXX_LANGUAGE_STANDARD = "gnu++14";
				CLANG_CXX_LIBRARY = "libc++";
				CLANG_ENABLE_MODULES = YES;
				CLANG_ENABLE_OBJC_ARC = YES;
				CLANG_ENABLE_OBJC_WEAK = YES;
				CLANG_WARN_BLOCK_CAPTURE_AUTORELEASING = YES;
				CLANG_WARN_BOOL_CONVERSION = YES;
				CLANG_WARN_COMMA = YES;
				CLANG_WARN_CONSTANT_CONVERSION = YES;
				CLANG_WARN_DEPRECATED_OBJC_IMPLEMENTATIONS = YES;
				CLANG_WARN_DIRECT_OBJC_ISA_USAGE = YES_ERROR;
				CLANG_WARN_DOCUMENTATION_COMMENTS = YES;
				CLANG_WARN_EMPTY_BODY = YES;
				CLANG_WARN_ENUM_CONVERSION = YES;
				CLANG_WARN_INFINITE_RECURSION = YES;
				CLANG_WARN_INT_CONVERSION = YES;
				CLANG_WARN_NON_LITERAL_NULL_CONVERSION = YES;
				CLANG_WARN_OBJC_IMPLICIT_RETAIN_SELF = YES;
				CLANG_WARN_OBJC_LITERAL_CONVERSION = YES;
				CLANG_WARN_OBJC_ROOT_CLASS = YES_ERROR;
				CLANG_WARN_RANGE_LOOP_ANALYSIS = YES;
				CLANG_WARN_STRICT_PROTOTYPES = YES;
				CLANG_WARN_SUSPICIOUS_MOVE = YES;
				CLANG_WARN_UNGUARDED_AVAILABILITY = YES_AGGRESSIVE;
				CLANG_WARN_UNREACHABLE_CODE = YES;
				CLANG_WARN__DUPLICATE_METHOD_MATCH = YES;
				COPY_PHASE_STRIP = NO;
				DEBUG_INFORMATION_FORMAT = dwarf;
				ENABLE_STRICT_OBJC_MSGSEND = YES;
				ENABLE_TESTABILITY = YES;
				GCC_C_LANGUAGE_STANDARD = gnu11;
				GCC_DYNAMIC_NO_PIC = NO;
				GCC_NO_COMMON_BLOCKS = YES;
				GCC_OPTIMIZATION_LEVEL = 0;
				GCC_PREPROCESSOR_DEFINITIONS = (
					"DEBUG=1",
					"$(inherited)",
				);
				GCC_WARN_64_TO_32_BIT_CONVERSION = YES;
				GCC_WARN_ABOUT_RETURN_TYPE = YES_ERROR;
				GCC_WARN_UNDECLARED_SELECTOR = YES;
				GCC_WARN_UNINITIALIZED_AUTOS = YES_AGGRESSIVE;
				GCC_WARN_UNUSED_FUNCTION = YES;
				GCC_WARN_UNUSED_VARIABLE = YES;
				IPHONEOS_DEPLOYMENT_TARGET = 13.1;
				MTL_ENABLE_DEBUG_INFO = INCLUDE_SOURCE;
				MTL_FAST_MATH = YES;
				ONLY_ACTIVE_ARCH = YES;
				SDKROOT = iphoneos;
				SWIFT_ACTIVE_COMPILATION_CONDITIONS = DEBUG;
				SWIFT_OPTIMIZATION_LEVEL = "-Onone";
			};
			name = Debug;
		};
		045426612359E48C00D10663 /* Release */ = {
			isa = XCBuildConfiguration;
			buildSettings = {
				ALWAYS_SEARCH_USER_PATHS = NO;
				CLANG_ANALYZER_NONNULL = YES;
				CLANG_ANALYZER_NUMBER_OBJECT_CONVERSION = YES_AGGRESSIVE;
				CLANG_CXX_LANGUAGE_STANDARD = "gnu++14";
				CLANG_CXX_LIBRARY = "libc++";
				CLANG_ENABLE_MODULES = YES;
				CLANG_ENABLE_OBJC_ARC = YES;
				CLANG_ENABLE_OBJC_WEAK = YES;
				CLANG_WARN_BLOCK_CAPTURE_AUTORELEASING = YES;
				CLANG_WARN_BOOL_CONVERSION = YES;
				CLANG_WARN_COMMA = YES;
				CLANG_WARN_CONSTANT_CONVERSION = YES;
				CLANG_WARN_DEPRECATED_OBJC_IMPLEMENTATIONS = YES;
				CLANG_WARN_DIRECT_OBJC_ISA_USAGE = YES_ERROR;
				CLANG_WARN_DOCUMENTATION_COMMENTS = YES;
				CLANG_WARN_EMPTY_BODY = YES;
				CLANG_WARN_ENUM_CONVERSION = YES;
				CLANG_WARN_INFINITE_RECURSION = YES;
				CLANG_WARN_INT_CONVERSION = YES;
				CLANG_WARN_NON_LITERAL_NULL_CONVERSION = YES;
				CLANG_WARN_OBJC_IMPLICIT_RETAIN_SELF = YES;
				CLANG_WARN_OBJC_LITERAL_CONVERSION = YES;
				CLANG_WARN_OBJC_ROOT_CLASS = YES_ERROR;
				CLANG_WARN_RANGE_LOOP_ANALYSIS = YES;
				CLANG_WARN_STRICT_PROTOTYPES = YES;
				CLANG_WARN_SUSPICIOUS_MOVE = YES;
				CLANG_WARN_UNGUARDED_AVAILABILITY = YES_AGGRESSIVE;
				CLANG_WARN_UNREACHABLE_CODE = YES;
				CLANG_WARN__DUPLICATE_METHOD_MATCH = YES;
				COPY_PHASE_STRIP = NO;
				DEBUG_INFORMATION_FORMAT = "dwarf-with-dsym";
				ENABLE_NS_ASSERTIONS = NO;
				ENABLE_STRICT_OBJC_MSGSEND = YES;
				GCC_C_LANGUAGE_STANDARD = gnu11;
				GCC_NO_COMMON_BLOCKS = YES;
				GCC_WARN_64_TO_32_BIT_CONVERSION = YES;
				GCC_WARN_ABOUT_RETURN_TYPE = YES_ERROR;
				GCC_WARN_UNDECLARED_SELECTOR = YES;
				GCC_WARN_UNINITIALIZED_AUTOS = YES_AGGRESSIVE;
				GCC_WARN_UNUSED_FUNCTION = YES;
				GCC_WARN_UNUSED_VARIABLE = YES;
				IPHONEOS_DEPLOYMENT_TARGET = 13.1;
				MTL_ENABLE_DEBUG_INFO = NO;
				MTL_FAST_MATH = YES;
				SDKROOT = iphoneos;
				SWIFT_COMPILATION_MODE = wholemodule;
				SWIFT_OPTIMIZATION_LEVEL = "-O";
				VALIDATE_PRODUCT = YES;
			};
			name = Release;
		};
		045426632359E48C00D10663 /* Debug */ = {
			isa = XCBuildConfiguration;
			buildSettings = {
				ASSETCATALOG_COMPILER_APPICON_NAME = AppIcon;
				CODE_SIGN_STYLE = Automatic;
				INFOPLIST_FILE = EricOusouphanWeek2Test/Info.plist;
				LD_RUNPATH_SEARCH_PATHS = (
					"$(inherited)",
					"@executable_path/Frameworks",
				);
				PRODUCT_BUNDLE_IDENTIFIER = com.ousouphan.project.EricOusouphanWeek2Test;
				PRODUCT_NAME = "$(TARGET_NAME)";
				SWIFT_VERSION = 5.0;
				TARGETED_DEVICE_FAMILY = "1,2";
			};
			name = Debug;
		};
		045426642359E48C00D10663 /* Release */ = {
			isa = XCBuildConfiguration;
			buildSettings = {
				ASSETCATALOG_COMPILER_APPICON_NAME = AppIcon;
				CODE_SIGN_STYLE = Automatic;
				INFOPLIST_FILE = EricOusouphanWeek2Test/Info.plist;
				LD_RUNPATH_SEARCH_PATHS = (
					"$(inherited)",
					"@executable_path/Frameworks",
				);
				PRODUCT_BUNDLE_IDENTIFIER = com.ousouphan.project.EricOusouphanWeek2Test;
				PRODUCT_NAME = "$(TARGET_NAME)";
				SWIFT_VERSION = 5.0;
				TARGETED_DEVICE_FAMILY = "1,2";
			};
			name = Release;
		};
/* End XCBuildConfiguration section */

/* Begin XCConfigurationList section */
		045426492359E47E00D10663 /* Build configuration list for PBXProject "EricOusouphanWeek2Test" */ = {
			isa = XCConfigurationList;
			buildConfigurations = (
				045426602359E48C00D10663 /* Debug */,
				045426612359E48C00D10663 /* Release */,
			);
			defaultConfigurationIsVisible = 0;
			defaultConfigurationName = Release;
		};
		045426622359E48C00D10663 /* Build configuration list for PBXNativeTarget "EricOusouphanWeek2Test" */ = {
			isa = XCConfigurationList;
			buildConfigurations = (
				045426632359E48C00D10663 /* Debug */,
				045426642359E48C00D10663 /* Release */,
			);
			defaultConfigurationIsVisible = 0;
			defaultConfigurationName = Release;
		};
/* End XCConfigurationList section */
	};
	rootObject = 045426462359E47E00D10663 /* Project object */;
}
