// !$*UTF8*$!
{
	archiveVersion = 1;
	classes = {
	};
	objectVersion = 50;
	objects = {

/* Begin PBXBuildFile section */
		048ECA3323628AE800BC282B /* AppDelegate.m in Sources */ = {isa = PBXBuildFile; fileRef = 048ECA3223628AE800BC282B /* AppDelegate.m */; };
		048ECA3623628AE800BC282B /* SceneDelegate.m in Sources */ = {isa = PBXBuildFile; fileRef = 048ECA3523628AE800BC282B /* SceneDelegate.m */; };
		048ECA3923628AE800BC282B /* ViewController.m in Sources */ = {isa = PBXBuildFile; fileRef = 048ECA3823628AE800BC282B /* ViewController.m */; };
		048ECA3C23628AE900BC282B /* Main.storyboard in Resources */ = {isa = PBXBuildFile; fileRef = 048ECA3A23628AE900BC282B /* Main.storyboard */; };
		048ECA3E23628B0F00BC282B /* Assets.xcassets in Resources */ = {isa = PBXBuildFile; fileRef = 048ECA3D23628B0F00BC282B /* Assets.xcassets */; };
		048ECA4123628B0F00BC282B /* LaunchScreen.storyboard in Resources */ = {isa = PBXBuildFile; fileRef = 048ECA3F23628B0F00BC282B /* LaunchScreen.storyboard */; };
		048ECA4423628B0F00BC282B /* main.m in Sources */ = {isa = PBXBuildFile; fileRef = 048ECA4323628B0F00BC282B /* main.m */; };
/* End PBXBuildFile section */

/* Begin PBXFileReference section */
		048ECA2E23628AE800BC282B /* CoreDataCodableExample.app */ = {isa = PBXFileReference; explicitFileType = wrapper.application; includeInIndex = 0; path = CoreDataCodableExample.app; sourceTree = BUILT_PRODUCTS_DIR; };
		048ECA3123628AE800BC282B /* AppDelegate.h */ = {isa = PBXFileReference; lastKnownFileType = sourcecode.c.h; path = AppDelegate.h; sourceTree = "<group>"; };
		048ECA3223628AE800BC282B /* AppDelegate.m */ = {isa = PBXFileReference; lastKnownFileType = sourcecode.c.objc; path = AppDelegate.m; sourceTree = "<group>"; };
		048ECA3423628AE800BC282B /* SceneDelegate.h */ = {isa = PBXFileReference; lastKnownFileType = sourcecode.c.h; path = SceneDelegate.h; sourceTree = "<group>"; };
		048ECA3523628AE800BC282B /* SceneDelegate.m */ = {isa = PBXFileReference; lastKnownFileType = sourcecode.c.objc; path = SceneDelegate.m; sourceTree = "<group>"; };
		048ECA3723628AE800BC282B /* ViewController.h */ = {isa = PBXFileReference; lastKnownFileType = sourcecode.c.h; path = ViewController.h; sourceTree = "<group>"; };
		048ECA3823628AE800BC282B /* ViewController.m */ = {isa = PBXFileReference; lastKnownFileType = sourcecode.c.objc; path = ViewController.m; sourceTree = "<group>"; };
		048ECA3B23628AE900BC282B /* Base */ = {isa = PBXFileReference; lastKnownFileType = file.storyboard; name = Base; path = Base.lproj/Main.storyboard; sourceTree = "<group>"; };
		048ECA3D23628B0F00BC282B /* Assets.xcassets */ = {isa = PBXFileReference; lastKnownFileType = folder.assetcatalog; path = Assets.xcassets; sourceTree = "<group>"; };
		048ECA4023628B0F00BC282B /* Base */ = {isa = PBXFileReference; lastKnownFileType = file.storyboard; name = Base; path = Base.lproj/LaunchScreen.storyboard; sourceTree = "<group>"; };
		048ECA4223628B0F00BC282B /* Info.plist */ = {isa = PBXFileReference; lastKnownFileType = text.plist.xml; path = Info.plist; sourceTree = "<group>"; };
		048ECA4323628B0F00BC282B /* main.m */ = {isa = PBXFileReference; lastKnownFileType = sourcecode.c.objc; path = main.m; sourceTree = "<group>"; };
/* End PBXFileReference section */

/* Begin PBXFrameworksBuildPhase section */
		048ECA2B23628AE800BC282B /* Frameworks */ = {
			isa = PBXFrameworksBuildPhase;
			buildActionMask = 2147483647;
			files = (
			);
			runOnlyForDeploymentPostprocessing = 0;
		};
/* End PBXFrameworksBuildPhase section */

/* Begin PBXGroup section */
		048ECA2523628AE800BC282B = {
			isa = PBXGroup;
			children = (
				048ECA3023628AE800BC282B /* CoreDataCodableExample */,
				048ECA2F23628AE800BC282B /* Products */,
			);
			sourceTree = "<group>";
		};
		048ECA2F23628AE800BC282B /* Products */ = {
			isa = PBXGroup;
			children = (
				048ECA2E23628AE800BC282B /* CoreDataCodableExample.app */,
			);
			name = Products;
			sourceTree = "<group>";
		};
		048ECA3023628AE800BC282B /* CoreDataCodableExample */ = {
			isa = PBXGroup;
			children = (
				048ECA3123628AE800BC282B /* AppDelegate.h */,
				048ECA3223628AE800BC282B /* AppDelegate.m */,
				048ECA3423628AE800BC282B /* SceneDelegate.h */,
				048ECA3523628AE800BC282B /* SceneDelegate.m */,
				048ECA3723628AE800BC282B /* ViewController.h */,
				048ECA3823628AE800BC282B /* ViewController.m */,
				048ECA3A23628AE900BC282B /* Main.storyboard */,
				048ECA3D23628B0F00BC282B /* Assets.xcassets */,
				048ECA3F23628B0F00BC282B /* LaunchScreen.storyboard */,
				048ECA4223628B0F00BC282B /* Info.plist */,
				048ECA4323628B0F00BC282B /* main.m */,
			);
			path = CoreDataCodableExample;
			sourceTree = "<group>";
		};
/* End PBXGroup section */

/* Begin PBXNativeTarget section */
		048ECA2D23628AE800BC282B /* CoreDataCodableExample */ = {
			isa = PBXNativeTarget;
			buildConfigurationList = 048ECA4723628B0F00BC282B /* Build configuration list for PBXNativeTarget "CoreDataCodableExample" */;
			buildPhases = (
				048ECA2A23628AE800BC282B /* Sources */,
				048ECA2B23628AE800BC282B /* Frameworks */,
				048ECA2C23628AE800BC282B /* Resources */,
			);
			buildRules = (
			);
			dependencies = (
			);
			name = CoreDataCodableExample;
			productName = CoreDataCodableExample;
			productReference = 048ECA2E23628AE800BC282B /* CoreDataCodableExample.app */;
			productType = "com.apple.product-type.application";
		};
/* End PBXNativeTarget section */

/* Begin PBXProject section */
		048ECA2623628AE800BC282B /* Project object */ = {
			isa = PBXProject;
			attributes = {
				LastUpgradeCheck = 1110;
				ORGANIZATIONNAME = EricOusouphan;
				TargetAttributes = {
					048ECA2D23628AE800BC282B = {
						CreatedOnToolsVersion = 11.1;
					};
				};
			};
			buildConfigurationList = 048ECA2923628AE800BC282B /* Build configuration list for PBXProject "CoreDataCodableExample" */;
			compatibilityVersion = "Xcode 9.3";
			developmentRegion = en;
			hasScannedForEncodings = 0;
			knownRegions = (
				en,
				Base,
			);
			mainGroup = 048ECA2523628AE800BC282B;
			productRefGroup = 048ECA2F23628AE800BC282B /* Products */;
			projectDirPath = "";
			projectRoot = "";
			targets = (
				048ECA2D23628AE800BC282B /* CoreDataCodableExample */,
			);
		};
/* End PBXProject section */

/* Begin PBXResourcesBuildPhase section */
		048ECA2C23628AE800BC282B /* Resources */ = {
			isa = PBXResourcesBuildPhase;
			buildActionMask = 2147483647;
			files = (
				048ECA4123628B0F00BC282B /* LaunchScreen.storyboard in Resources */,
				048ECA3E23628B0F00BC282B /* Assets.xcassets in Resources */,
				048ECA3C23628AE900BC282B /* Main.storyboard in Resources */,
			);
			runOnlyForDeploymentPostprocessing = 0;
		};
/* End PBXResourcesBuildPhase section */

/* Begin PBXSourcesBuildPhase section */
		048ECA2A23628AE800BC282B /* Sources */ = {
			isa = PBXSourcesBuildPhase;
			buildActionMask = 2147483647;
			files = (
				048ECA3923628AE800BC282B /* ViewController.m in Sources */,
				048ECA3323628AE800BC282B /* AppDelegate.m in Sources */,
				048ECA4423628B0F00BC282B /* main.m in Sources */,
				048ECA3623628AE800BC282B /* SceneDelegate.m in Sources */,
			);
			runOnlyForDeploymentPostprocessing = 0;
		};
/* End PBXSourcesBuildPhase section */

/* Begin PBXVariantGroup section */
		048ECA3A23628AE900BC282B /* Main.storyboard */ = {
			isa = PBXVariantGroup;
			children = (
				048ECA3B23628AE900BC282B /* Base */,
			);
			name = Main.storyboard;
			sourceTree = "<group>";
		};
		048ECA3F23628B0F00BC282B /* LaunchScreen.storyboard */ = {
			isa = PBXVariantGroup;
			children = (
				048ECA4023628B0F00BC282B /* Base */,
			);
			name = LaunchScreen.storyboard;
			sourceTree = "<group>";
		};
/* End PBXVariantGroup section */

/* Begin XCBuildConfiguration section */
		048ECA4523628B0F00BC282B /* Debug */ = {
			isa = XCBuildConfiguration;
			buildSettings = {
				ALWAYS_SEARCH_USER_PATHS = NO;
				CLANG_ANALYZER_NONNULL = YES;
				CLANG_ANALYZER_NUMBER_OBJECT_CONVERSION = YES_AGGRESSIVE;
				CLANG_CXX_LANGUAGE_STANDARD = "gnu++14";
				CLANG_CXX_LIBRARY = "libc++";
				CLANG_ENABLE_MODULES = YES;
				CLANG_ENABLE_OBJC_ARC = YES;
				CLANG_ENABLE_OBJC_WEAK = YES;
				CLANG_WARN_BLOCK_CAPTURE_AUTORELEASING = YES;
				CLANG_WARN_BOOL_CONVERSION = YES;
				CLANG_WARN_COMMA = YES;
				CLANG_WARN_CONSTANT_CONVERSION = YES;
				CLANG_WARN_DEPRECATED_OBJC_IMPLEMENTATIONS = YES;
				CLANG_WARN_DIRECT_OBJC_ISA_USAGE = YES_ERROR;
				CLANG_WARN_DOCUMENTATION_COMMENTS = YES;
				CLANG_WARN_EMPTY_BODY = YES;
				CLANG_WARN_ENUM_CONVERSION = YES;
				CLANG_WARN_INFINITE_RECURSION = YES;
				CLANG_WARN_INT_CONVERSION = YES;
				CLANG_WARN_NON_LITERAL_NULL_CONVERSION = YES;
				CLANG_WARN_OBJC_IMPLICIT_RETAIN_SELF = YES;
				CLANG_WARN_OBJC_LITERAL_CONVERSION = YES;
				CLANG_WARN_OBJC_ROOT_CLASS = YES_ERROR;
				CLANG_WARN_RANGE_LOOP_ANALYSIS = YES;
				CLANG_WARN_STRICT_PROTOTYPES = YES;
				CLANG_WARN_SUSPICIOUS_MOVE = YES;
				CLANG_WARN_UNGUARDED_AVAILABILITY = YES_AGGRESSIVE;
				CLANG_WARN_UNREACHABLE_CODE = YES;
				CLANG_WARN__DUPLICATE_METHOD_MATCH = YES;
				COPY_PHASE_STRIP = NO;
				DEBUG_INFORMATION_FORMAT = dwarf;
				ENABLE_STRICT_OBJC_MSGSEND = YES;
				ENABLE_TESTABILITY = YES;
				GCC_C_LANGUAGE_STANDARD = gnu11;
				GCC_DYNAMIC_NO_PIC = NO;
				GCC_NO_COMMON_BLOCKS = YES;
				GCC_OPTIMIZATION_LEVEL = 0;
				GCC_PREPROCESSOR_DEFINITIONS = (
					"DEBUG=1",
					"$(inherited)",
				);
				GCC_WARN_64_TO_32_BIT_CONVERSION = YES;
				GCC_WARN_ABOUT_RETURN_TYPE = YES_ERROR;
				GCC_WARN_UNDECLARED_SELECTOR = YES;
				GCC_WARN_UNINITIALIZED_AUTOS = YES_AGGRESSIVE;
				GCC_WARN_UNUSED_FUNCTION = YES;
				GCC_WARN_UNUSED_VARIABLE = YES;
				IPHONEOS_DEPLOYMENT_TARGET = 13.1;
				MTL_ENABLE_DEBUG_INFO = INCLUDE_SOURCE;
				MTL_FAST_MATH = YES;
				ONLY_ACTIVE_ARCH = YES;
				SDKROOT = iphoneos;
			};
			name = Debug;
		};
		048ECA4623628B0F00BC282B /* Release */ = {
			isa = XCBuildConfiguration;
			buildSettings = {
				ALWAYS_SEARCH_USER_PATHS = NO;
				CLANG_ANALYZER_NONNULL = YES;
				CLANG_ANALYZER_NUMBER_OBJECT_CONVERSION = YES_AGGRESSIVE;
				CLANG_CXX_LANGUAGE_STANDARD = "gnu++14";
				CLANG_CXX_LIBRARY = "libc++";
				CLANG_ENABLE_MODULES = YES;
				CLANG_ENABLE_OBJC_ARC = YES;
				CLANG_ENABLE_OBJC_WEAK = YES;
				CLANG_WARN_BLOCK_CAPTURE_AUTORELEASING = YES;
				CLANG_WARN_BOOL_CONVERSION = YES;
				CLANG_WARN_COMMA = YES;
				CLANG_WARN_CONSTANT_CONVERSION = YES;
				CLANG_WARN_DEPRECATED_OBJC_IMPLEMENTATIONS = YES;
				CLANG_WARN_DIRECT_OBJC_ISA_USAGE = YES_ERROR;
				CLANG_WARN_DOCUMENTATION_COMMENTS = YES;
				CLANG_WARN_EMPTY_BODY = YES;
				CLANG_WARN_ENUM_CONVERSION = YES;
				CLANG_WARN_INFINITE_RECURSION = YES;
				CLANG_WARN_INT_CONVERSION = YES;
				CLANG_WARN_NON_LITERAL_NULL_CONVERSION = YES;
				CLANG_WARN_OBJC_IMPLICIT_RETAIN_SELF = YES;
				CLANG_WARN_OBJC_LITERAL_CONVERSION = YES;
				CLANG_WARN_OBJC_ROOT_CLASS = YES_ERROR;
				CLANG_WARN_RANGE_LOOP_ANALYSIS = YES;
				CLANG_WARN_STRICT_PROTOTYPES = YES;
				CLANG_WARN_SUSPICIOUS_MOVE = YES;
				CLANG_WARN_UNGUARDED_AVAILABILITY = YES_AGGRESSIVE;
				CLANG_WARN_UNREACHABLE_CODE = YES;
				CLANG_WARN__DUPLICATE_METHOD_MATCH = YES;
				COPY_PHASE_STRIP = NO;
				DEBUG_INFORMATION_FORMAT = "dwarf-with-dsym";
				ENABLE_NS_ASSERTIONS = NO;
				ENABLE_STRICT_OBJC_MSGSEND = YES;
				GCC_C_LANGUAGE_STANDARD = gnu11;
				GCC_NO_COMMON_BLOCKS = YES;
				GCC_WARN_64_TO_32_BIT_CONVERSION = YES;
				GCC_WARN_ABOUT_RETURN_TYPE = YES_ERROR;
				GCC_WARN_UNDECLARED_SELECTOR = YES;
				GCC_WARN_UNINITIALIZED_AUTOS = YES_AGGRESSIVE;
				GCC_WARN_UNUSED_FUNCTION = YES;
				GCC_WARN_UNUSED_VARIABLE = YES;
				IPHONEOS_DEPLOYMENT_TARGET = 13.1;
				MTL_ENABLE_DEBUG_INFO = NO;
				MTL_FAST_MATH = YES;
				SDKROOT = iphoneos;
				VALIDATE_PRODUCT = YES;
			};
			name = Release;
		};
		048ECA4823628B0F00BC282B /* Debug */ = {
			isa = XCBuildConfiguration;
			buildSettings = {
				ASSETCATALOG_COMPILER_APPICON_NAME = AppIcon;
				CODE_SIGN_STYLE = Automatic;
				INFOPLIST_FILE = CoreDataCodableExample/Info.plist;
				LD_RUNPATH_SEARCH_PATHS = (
					"$(inherited)",
					"@executable_path/Frameworks",
				);
				PRODUCT_BUNDLE_IDENTIFIER = com.ousouphan.project.CoreDataCodableExample;
				PRODUCT_NAME = "$(TARGET_NAME)";
				TARGETED_DEVICE_FAMILY = "1,2";
			};
			name = Debug;
		};
		048ECA4923628B0F00BC282B /* Release */ = {
			isa = XCBuildConfiguration;
			buildSettings = {
				ASSETCATALOG_COMPILER_APPICON_NAME = AppIcon;
				CODE_SIGN_STYLE = Automatic;
				INFOPLIST_FILE = CoreDataCodableExample/Info.plist;
				LD_RUNPATH_SEARCH_PATHS = (
					"$(inherited)",
					"@executable_path/Frameworks",
				);
				PRODUCT_BUNDLE_IDENTIFIER = com.ousouphan.project.CoreDataCodableExample;
				PRODUCT_NAME = "$(TARGET_NAME)";
				TARGETED_DEVICE_FAMILY = "1,2";
			};
			name = Release;
		};
/* End XCBuildConfiguration section */

/* Begin XCConfigurationList section */
		048ECA2923628AE800BC282B /* Build configuration list for PBXProject "CoreDataCodableExample" */ = {
			isa = XCConfigurationList;
			buildConfigurations = (
				048ECA4523628B0F00BC282B /* Debug */,
				048ECA4623628B0F00BC282B /* Release */,
			);
			defaultConfigurationIsVisible = 0;
			defaultConfigurationName = Release;
		};
		048ECA4723628B0F00BC282B /* Build configuration list for PBXNativeTarget "CoreDataCodableExample" */ = {
			isa = XCConfigurationList;
			buildConfigurations = (
				048ECA4823628B0F00BC282B /* Debug */,
				048ECA4923628B0F00BC282B /* Release */,
			);
			defaultConfigurationIsVisible = 0;
			defaultConfigurationName = Release;
		};
/* End XCConfigurationList section */
	};
	rootObject = 048ECA2623628AE800BC282B /* Project object */;
}
