// !$*UTF8*$!
{
	archiveVersion = 1;
	classes = {
	};
	objectVersion = 50;
	objects = {

/* Begin PBXBuildFile section */
		04B3BA17236C59A500393B3D /* AppDelegate.swift in Sources */ = {isa = PBXBuildFile; fileRef = 04B3BA16236C59A500393B3D /* AppDelegate.swift */; };
		04B3BA19236C59A500393B3D /* SceneDelegate.swift in Sources */ = {isa = PBXBuildFile; fileRef = 04B3BA18236C59A500393B3D /* SceneDelegate.swift */; };
		04B3BA1B236C59A500393B3D /* ViewController.swift in Sources */ = {isa = PBXBuildFile; fileRef = 04B3BA1A236C59A500393B3D /* ViewController.swift */; };
		04B3BA1E236C59A500393B3D /* Main.storyboard in Resources */ = {isa = PBXBuildFile; fileRef = 04B3BA1C236C59A500393B3D /* Main.storyboard */; };
		04B3BA20236C59B900393B3D /* Assets.xcassets in Resources */ = {isa = PBXBuildFile; fileRef = 04B3BA1F236C59B900393B3D /* Assets.xcassets */; };
		04B3BA23236C59B900393B3D /* LaunchScreen.storyboard in Resources */ = {isa = PBXBuildFile; fileRef = 04B3BA21236C59B900393B3D /* LaunchScreen.storyboard */; };
		04B3BA2B236C5CA700393B3D /* JokeController.swift in Sources */ = {isa = PBXBuildFile; fileRef = 04B3BA2A236C5CA700393B3D /* JokeController.swift */; };
		04B3BA2D236C764300393B3D /* JokeContainer.swift in Sources */ = {isa = PBXBuildFile; fileRef = 04B3BA2C236C764300393B3D /* JokeContainer.swift */; };
		04B3BA2F236C7A6700393B3D /* JokeViewModel.swift in Sources */ = {isa = PBXBuildFile; fileRef = 04B3BA2E236C7A6700393B3D /* JokeViewModel.swift */; };
/* End PBXBuildFile section */

/* Begin PBXFileReference section */
		04B3BA13236C59A500393B3D /* Week4TestEricOusouphan.app */ = {isa = PBXFileReference; explicitFileType = wrapper.application; includeInIndex = 0; path = Week4TestEricOusouphan.app; sourceTree = BUILT_PRODUCTS_DIR; };
		04B3BA16236C59A500393B3D /* AppDelegate.swift */ = {isa = PBXFileReference; lastKnownFileType = sourcecode.swift; path = AppDelegate.swift; sourceTree = "<group>"; };
		04B3BA18236C59A500393B3D /* SceneDelegate.swift */ = {isa = PBXFileReference; lastKnownFileType = sourcecode.swift; path = SceneDelegate.swift; sourceTree = "<group>"; };
		04B3BA1A236C59A500393B3D /* ViewController.swift */ = {isa = PBXFileReference; lastKnownFileType = sourcecode.swift; path = ViewController.swift; sourceTree = "<group>"; };
		04B3BA1D236C59A500393B3D /* Base */ = {isa = PBXFileReference; lastKnownFileType = file.storyboard; name = Base; path = Base.lproj/Main.storyboard; sourceTree = "<group>"; };
		04B3BA1F236C59B900393B3D /* Assets.xcassets */ = {isa = PBXFileReference; lastKnownFileType = folder.assetcatalog; path = Assets.xcassets; sourceTree = "<group>"; };
		04B3BA22236C59B900393B3D /* Base */ = {isa = PBXFileReference; lastKnownFileType = file.storyboard; name = Base; path = Base.lproj/LaunchScreen.storyboard; sourceTree = "<group>"; };
		04B3BA24236C59B900393B3D /* Info.plist */ = {isa = PBXFileReference; lastKnownFileType = text.plist.xml; path = Info.plist; sourceTree = "<group>"; };
		04B3BA2A236C5CA700393B3D /* JokeController.swift */ = {isa = PBXFileReference; lastKnownFileType = sourcecode.swift; path = JokeController.swift; sourceTree = "<group>"; };
		04B3BA2C236C764300393B3D /* JokeContainer.swift */ = {isa = PBXFileReference; lastKnownFileType = sourcecode.swift; path = JokeContainer.swift; sourceTree = "<group>"; };
		04B3BA2E236C7A6700393B3D /* JokeViewModel.swift */ = {isa = PBXFileReference; lastKnownFileType = sourcecode.swift; path = JokeViewModel.swift; sourceTree = "<group>"; };
/* End PBXFileReference section */

/* Begin PBXFrameworksBuildPhase section */
		04B3BA10236C59A500393B3D /* Frameworks */ = {
			isa = PBXFrameworksBuildPhase;
			buildActionMask = 2147483647;
			files = (
			);
			runOnlyForDeploymentPostprocessing = 0;
		};
/* End PBXFrameworksBuildPhase section */

/* Begin PBXGroup section */
		04B3BA0A236C59A500393B3D = {
			isa = PBXGroup;
			children = (
				04B3BA15236C59A500393B3D /* Week4TestEricOusouphan */,
				04B3BA14236C59A500393B3D /* Products */,
			);
			sourceTree = "<group>";
		};
		04B3BA14236C59A500393B3D /* Products */ = {
			isa = PBXGroup;
			children = (
				04B3BA13236C59A500393B3D /* Week4TestEricOusouphan.app */,
			);
			name = Products;
			sourceTree = "<group>";
		};
		04B3BA15236C59A500393B3D /* Week4TestEricOusouphan */ = {
			isa = PBXGroup;
			children = (
				04B3BA16236C59A500393B3D /* AppDelegate.swift */,
				04B3BA18236C59A500393B3D /* SceneDelegate.swift */,
				04B3BA1A236C59A500393B3D /* ViewController.swift */,
				04B3BA1C236C59A500393B3D /* Main.storyboard */,
				04B3BA1F236C59B900393B3D /* Assets.xcassets */,
				04B3BA21236C59B900393B3D /* LaunchScreen.storyboard */,
				04B3BA24236C59B900393B3D /* Info.plist */,
				04B3BA2A236C5CA700393B3D /* JokeController.swift */,
				04B3BA2C236C764300393B3D /* JokeContainer.swift */,
				04B3BA2E236C7A6700393B3D /* JokeViewModel.swift */,
			);
			path = Week4TestEricOusouphan;
			sourceTree = "<group>";
		};
/* End PBXGroup section */

/* Begin PBXNativeTarget section */
		04B3BA12236C59A500393B3D /* Week4TestEricOusouphan */ = {
			isa = PBXNativeTarget;
			buildConfigurationList = 04B3BA27236C59B900393B3D /* Build configuration list for PBXNativeTarget "Week4TestEricOusouphan" */;
			buildPhases = (
				04B3BA0F236C59A500393B3D /* Sources */,
				04B3BA10236C59A500393B3D /* Frameworks */,
				04B3BA11236C59A500393B3D /* Resources */,
			);
			buildRules = (
			);
			dependencies = (
			);
			name = Week4TestEricOusouphan;
			productName = Week4TestEricOusouphan;
			productReference = 04B3BA13236C59A500393B3D /* Week4TestEricOusouphan.app */;
			productType = "com.apple.product-type.application";
		};
/* End PBXNativeTarget section */

/* Begin PBXProject section */
		04B3BA0B236C59A500393B3D /* Project object */ = {
			isa = PBXProject;
			attributes = {
				LastSwiftUpdateCheck = 1110;
				LastUpgradeCheck = 1110;
				ORGANIZATIONNAME = EricOusouphan;
				TargetAttributes = {
					04B3BA12236C59A500393B3D = {
						CreatedOnToolsVersion = 11.1;
					};
				};
			};
			buildConfigurationList = 04B3BA0E236C59A500393B3D /* Build configuration list for PBXProject "Week4TestEricOusouphan" */;
			compatibilityVersion = "Xcode 9.3";
			developmentRegion = en;
			hasScannedForEncodings = 0;
			knownRegions = (
				en,
				Base,
			);
			mainGroup = 04B3BA0A236C59A500393B3D;
			productRefGroup = 04B3BA14236C59A500393B3D /* Products */;
			projectDirPath = "";
			projectRoot = "";
			targets = (
				04B3BA12236C59A500393B3D /* Week4TestEricOusouphan */,
			);
		};
/* End PBXProject section */

/* Begin PBXResourcesBuildPhase section */
		04B3BA11236C59A500393B3D /* Resources */ = {
			isa = PBXResourcesBuildPhase;
			buildActionMask = 2147483647;
			files = (
				04B3BA23236C59B900393B3D /* LaunchScreen.storyboard in Resources */,
				04B3BA20236C59B900393B3D /* Assets.xcassets in Resources */,
				04B3BA1E236C59A500393B3D /* Main.storyboard in Resources */,
			);
			runOnlyForDeploymentPostprocessing = 0;
		};
/* End PBXResourcesBuildPhase section */

/* Begin PBXSourcesBuildPhase section */
		04B3BA0F236C59A500393B3D /* Sources */ = {
			isa = PBXSourcesBuildPhase;
			buildActionMask = 2147483647;
			files = (
				04B3BA2B236C5CA700393B3D /* JokeController.swift in Sources */,
				04B3BA2F236C7A6700393B3D /* JokeViewModel.swift in Sources */,
				04B3BA1B236C59A500393B3D /* ViewController.swift in Sources */,
				04B3BA2D236C764300393B3D /* JokeContainer.swift in Sources */,
				04B3BA17236C59A500393B3D /* AppDelegate.swift in Sources */,
				04B3BA19236C59A500393B3D /* SceneDelegate.swift in Sources */,
			);
			runOnlyForDeploymentPostprocessing = 0;
		};
/* End PBXSourcesBuildPhase section */

/* Begin PBXVariantGroup section */
		04B3BA1C236C59A500393B3D /* Main.storyboard */ = {
			isa = PBXVariantGroup;
			children = (
				04B3BA1D236C59A500393B3D /* Base */,
			);
			name = Main.storyboard;
			sourceTree = "<group>";
		};
		04B3BA21236C59B900393B3D /* LaunchScreen.storyboard */ = {
			isa = PBXVariantGroup;
			children = (
				04B3BA22236C59B900393B3D /* Base */,
			);
			name = LaunchScreen.storyboard;
			sourceTree = "<group>";
		};
/* End PBXVariantGroup section */

/* Begin XCBuildConfiguration section */
		04B3BA25236C59B900393B3D /* Debug */ = {
			isa = XCBuildConfiguration;
			buildSettings = {
				ALWAYS_SEARCH_USER_PATHS = NO;
				CLANG_ANALYZER_NONNULL = YES;
				CLANG_ANALYZER_NUMBER_OBJECT_CONVERSION = YES_AGGRESSIVE;
				CLANG_CXX_LANGUAGE_STANDARD = "gnu++14";
				CLANG_CXX_LIBRARY = "libc++";
				CLANG_ENABLE_MODULES = YES;
				CLANG_ENABLE_OBJC_ARC = YES;
				CLANG_ENABLE_OBJC_WEAK = YES;
				CLANG_WARN_BLOCK_CAPTURE_AUTORELEASING = YES;
				CLANG_WARN_BOOL_CONVERSION = YES;
				CLANG_WARN_COMMA = YES;
				CLANG_WARN_CONSTANT_CONVERSION = YES;
				CLANG_WARN_DEPRECATED_OBJC_IMPLEMENTATIONS = YES;
				CLANG_WARN_DIRECT_OBJC_ISA_USAGE = YES_ERROR;
				CLANG_WARN_DOCUMENTATION_COMMENTS = YES;
				CLANG_WARN_EMPTY_BODY = YES;
				CLANG_WARN_ENUM_CONVERSION = YES;
				CLANG_WARN_INFINITE_RECURSION = YES;
				CLANG_WARN_INT_CONVERSION = YES;
				CLANG_WARN_NON_LITERAL_NULL_CONVERSION = YES;
				CLANG_WARN_OBJC_IMPLICIT_RETAIN_SELF = YES;
				CLANG_WARN_OBJC_LITERAL_CONVERSION = YES;
				CLANG_WARN_OBJC_ROOT_CLASS = YES_ERROR;
				CLANG_WARN_RANGE_LOOP_ANALYSIS = YES;
				CLANG_WARN_STRICT_PROTOTYPES = YES;
				CLANG_WARN_SUSPICIOUS_MOVE = YES;
				CLANG_WARN_UNGUARDED_AVAILABILITY = YES_AGGRESSIVE;
				CLANG_WARN_UNREACHABLE_CODE = YES;
				CLANG_WARN__DUPLICATE_METHOD_MATCH = YES;
				COPY_PHASE_STRIP = NO;
				DEBUG_INFORMATION_FORMAT = dwarf;
				ENABLE_STRICT_OBJC_MSGSEND = YES;
				ENABLE_TESTABILITY = YES;
				GCC_C_LANGUAGE_STANDARD = gnu11;
				GCC_DYNAMIC_NO_PIC = NO;
				GCC_NO_COMMON_BLOCKS = YES;
				GCC_OPTIMIZATION_LEVEL = 0;
				GCC_PREPROCESSOR_DEFINITIONS = (
					"DEBUG=1",
					"$(inherited)",
				);
				GCC_WARN_64_TO_32_BIT_CONVERSION = YES;
				GCC_WARN_ABOUT_RETURN_TYPE = YES_ERROR;
				GCC_WARN_UNDECLARED_SELECTOR = YES;
				GCC_WARN_UNINITIALIZED_AUTOS = YES_AGGRESSIVE;
				GCC_WARN_UNUSED_FUNCTION = YES;
				GCC_WARN_UNUSED_VARIABLE = YES;
				IPHONEOS_DEPLOYMENT_TARGET = 13.1;
				MTL_ENABLE_DEBUG_INFO = INCLUDE_SOURCE;
				MTL_FAST_MATH = YES;
				ONLY_ACTIVE_ARCH = YES;
				SDKROOT = iphoneos;
				SWIFT_ACTIVE_COMPILATION_CONDITIONS = DEBUG;
				SWIFT_OPTIMIZATION_LEVEL = "-Onone";
			};
			name = Debug;
		};
		04B3BA26236C59B900393B3D /* Release */ = {
			isa = XCBuildConfiguration;
			buildSettings = {
				ALWAYS_SEARCH_USER_PATHS = NO;
				CLANG_ANALYZER_NONNULL = YES;
				CLANG_ANALYZER_NUMBER_OBJECT_CONVERSION = YES_AGGRESSIVE;
				CLANG_CXX_LANGUAGE_STANDARD = "gnu++14";
				CLANG_CXX_LIBRARY = "libc++";
				CLANG_ENABLE_MODULES = YES;
				CLANG_ENABLE_OBJC_ARC = YES;
				CLANG_ENABLE_OBJC_WEAK = YES;
				CLANG_WARN_BLOCK_CAPTURE_AUTORELEASING = YES;
				CLANG_WARN_BOOL_CONVERSION = YES;
				CLANG_WARN_COMMA = YES;
				CLANG_WARN_CONSTANT_CONVERSION = YES;
				CLANG_WARN_DEPRECATED_OBJC_IMPLEMENTATIONS = YES;
				CLANG_WARN_DIRECT_OBJC_ISA_USAGE = YES_ERROR;
				CLANG_WARN_DOCUMENTATION_COMMENTS = YES;
				CLANG_WARN_EMPTY_BODY = YES;
				CLANG_WARN_ENUM_CONVERSION = YES;
				CLANG_WARN_INFINITE_RECURSION = YES;
				CLANG_WARN_INT_CONVERSION = YES;
				CLANG_WARN_NON_LITERAL_NULL_CONVERSION = YES;
				CLANG_WARN_OBJC_IMPLICIT_RETAIN_SELF = YES;
				CLANG_WARN_OBJC_LITERAL_CONVERSION = YES;
				CLANG_WARN_OBJC_ROOT_CLASS = YES_ERROR;
				CLANG_WARN_RANGE_LOOP_ANALYSIS = YES;
				CLANG_WARN_STRICT_PROTOTYPES = YES;
				CLANG_WARN_SUSPICIOUS_MOVE = YES;
				CLANG_WARN_UNGUARDED_AVAILABILITY = YES_AGGRESSIVE;
				CLANG_WARN_UNREACHABLE_CODE = YES;
				CLANG_WARN__DUPLICATE_METHOD_MATCH = YES;
				COPY_PHASE_STRIP = NO;
				DEBUG_INFORMATION_FORMAT = "dwarf-with-dsym";
				ENABLE_NS_ASSERTIONS = NO;
				ENABLE_STRICT_OBJC_MSGSEND = YES;
				GCC_C_LANGUAGE_STANDARD = gnu11;
				GCC_NO_COMMON_BLOCKS = YES;
				GCC_WARN_64_TO_32_BIT_CONVERSION = YES;
				GCC_WARN_ABOUT_RETURN_TYPE = YES_ERROR;
				GCC_WARN_UNDECLARED_SELECTOR = YES;
				GCC_WARN_UNINITIALIZED_AUTOS = YES_AGGRESSIVE;
				GCC_WARN_UNUSED_FUNCTION = YES;
				GCC_WARN_UNUSED_VARIABLE = YES;
				IPHONEOS_DEPLOYMENT_TARGET = 13.1;
				MTL_ENABLE_DEBUG_INFO = NO;
				MTL_FAST_MATH = YES;
				SDKROOT = iphoneos;
				SWIFT_COMPILATION_MODE = wholemodule;
				SWIFT_OPTIMIZATION_LEVEL = "-O";
				VALIDATE_PRODUCT = YES;
			};
			name = Release;
		};
		04B3BA28236C59B900393B3D /* Debug */ = {
			isa = XCBuildConfiguration;
			buildSettings = {
				ASSETCATALOG_COMPILER_APPICON_NAME = AppIcon;
				CODE_SIGN_STYLE = Automatic;
				INFOPLIST_FILE = Week4TestEricOusouphan/Info.plist;
				LD_RUNPATH_SEARCH_PATHS = (
					"$(inherited)",
					"@executable_path/Frameworks",
				);
				PRODUCT_BUNDLE_IDENTIFIER = com.ousouphan.project.Week4TestEricOusouphan;
				PRODUCT_NAME = "$(TARGET_NAME)";
				SWIFT_VERSION = 5.0;
				TARGETED_DEVICE_FAMILY = "1,2";
			};
			name = Debug;
		};
		04B3BA29236C59B900393B3D /* Release */ = {
			isa = XCBuildConfiguration;
			buildSettings = {
				ASSETCATALOG_COMPILER_APPICON_NAME = AppIcon;
				CODE_SIGN_STYLE = Automatic;
				INFOPLIST_FILE = Week4TestEricOusouphan/Info.plist;
				LD_RUNPATH_SEARCH_PATHS = (
					"$(inherited)",
					"@executable_path/Frameworks",
				);
				PRODUCT_BUNDLE_IDENTIFIER = com.ousouphan.project.Week4TestEricOusouphan;
				PRODUCT_NAME = "$(TARGET_NAME)";
				SWIFT_VERSION = 5.0;
				TARGETED_DEVICE_FAMILY = "1,2";
			};
			name = Release;
		};
/* End XCBuildConfiguration section */

/* Begin XCConfigurationList section */
		04B3BA0E236C59A500393B3D /* Build configuration list for PBXProject "Week4TestEricOusouphan" */ = {
			isa = XCConfigurationList;
			buildConfigurations = (
				04B3BA25236C59B900393B3D /* Debug */,
				04B3BA26236C59B900393B3D /* Release */,
			);
			defaultConfigurationIsVisible = 0;
			defaultConfigurationName = Release;
		};
		04B3BA27236C59B900393B3D /* Build configuration list for PBXNativeTarget "Week4TestEricOusouphan" */ = {
			isa = XCConfigurationList;
			buildConfigurations = (
				04B3BA28236C59B900393B3D /* Debug */,
				04B3BA29236C59B900393B3D /* Release */,
			);
			defaultConfigurationIsVisible = 0;
			defaultConfigurationName = Release;
		};
/* End XCConfigurationList section */
	};
	rootObject = 04B3BA0B236C59A500393B3D /* Project object */;
}
