// !$*UTF8*$!
{
	archiveVersion = 1;
	classes = {
	};
	objectVersion = 50;
	objects = {

/* Begin PBXBuildFile section */
		04247E3823707F340041C864 /* AppDelegate.swift in Sources */ = {isa = PBXBuildFile; fileRef = 04247E3723707F340041C864 /* AppDelegate.swift */; };
		04247E3A23707F340041C864 /* SceneDelegate.swift in Sources */ = {isa = PBXBuildFile; fileRef = 04247E3923707F340041C864 /* SceneDelegate.swift */; };
		04247E3C23707F340041C864 /* ViewController.swift in Sources */ = {isa = PBXBuildFile; fileRef = 04247E3B23707F340041C864 /* ViewController.swift */; };
		04247E3F23707F340041C864 /* Main.storyboard in Resources */ = {isa = PBXBuildFile; fileRef = 04247E3D23707F340041C864 /* Main.storyboard */; };
		04247E4123707F450041C864 /* Assets.xcassets in Resources */ = {isa = PBXBuildFile; fileRef = 04247E4023707F450041C864 /* Assets.xcassets */; };
		04247E4423707F450041C864 /* LaunchScreen.storyboard in Resources */ = {isa = PBXBuildFile; fileRef = 04247E4223707F450041C864 /* LaunchScreen.storyboard */; };
		04247E4D237080850041C864 /* shark.mp4 in Resources */ = {isa = PBXBuildFile; fileRef = 04247E4C237080850041C864 /* shark.mp4 */; };
/* End PBXBuildFile section */

/* Begin PBXFileReference section */
		04247E3423707F340041C864 /* VideoPlayerProjectEO.app */ = {isa = PBXFileReference; explicitFileType = wrapper.application; includeInIndex = 0; path = VideoPlayerProjectEO.app; sourceTree = BUILT_PRODUCTS_DIR; };
		04247E3723707F340041C864 /* AppDelegate.swift */ = {isa = PBXFileReference; lastKnownFileType = sourcecode.swift; path = AppDelegate.swift; sourceTree = "<group>"; };
		04247E3923707F340041C864 /* SceneDelegate.swift */ = {isa = PBXFileReference; lastKnownFileType = sourcecode.swift; path = SceneDelegate.swift; sourceTree = "<group>"; };
		04247E3B23707F340041C864 /* ViewController.swift */ = {isa = PBXFileReference; lastKnownFileType = sourcecode.swift; path = ViewController.swift; sourceTree = "<group>"; };
		04247E3E23707F340041C864 /* Base */ = {isa = PBXFileReference; lastKnownFileType = file.storyboard; name = Base; path = Base.lproj/Main.storyboard; sourceTree = "<group>"; };
		04247E4023707F450041C864 /* Assets.xcassets */ = {isa = PBXFileReference; lastKnownFileType = folder.assetcatalog; path = Assets.xcassets; sourceTree = "<group>"; };
		04247E4323707F450041C864 /* Base */ = {isa = PBXFileReference; lastKnownFileType = file.storyboard; name = Base; path = Base.lproj/LaunchScreen.storyboard; sourceTree = "<group>"; };
		04247E4523707F450041C864 /* Info.plist */ = {isa = PBXFileReference; lastKnownFileType = text.plist.xml; path = Info.plist; sourceTree = "<group>"; };
		04247E4B23707F5F0041C864 /* shark.mp4 */ = {isa = PBXFileReference; lastKnownFileType = file; path = shark.mp4; sourceTree = "<group>"; };
		04247E4C237080850041C864 /* shark.mp4 */ = {isa = PBXFileReference; lastKnownFileType = file; name = shark.mp4; path = VideoPlayerProjectEO/shark.mp4; sourceTree = "<group>"; };
/* End PBXFileReference section */

/* Begin PBXFrameworksBuildPhase section */
		04247E3123707F340041C864 /* Frameworks */ = {
			isa = PBXFrameworksBuildPhase;
			buildActionMask = 2147483647;
			files = (
			);
			runOnlyForDeploymentPostprocessing = 0;
		};
/* End PBXFrameworksBuildPhase section */

/* Begin PBXGroup section */
		04247E2B23707F330041C864 = {
			isa = PBXGroup;
			children = (
				04247E4C237080850041C864 /* shark.mp4 */,
				04247E3623707F340041C864 /* VideoPlayerProjectEO */,
				04247E3523707F340041C864 /* Products */,
			);
			sourceTree = "<group>";
		};
		04247E3523707F340041C864 /* Products */ = {
			isa = PBXGroup;
			children = (
				04247E3423707F340041C864 /* VideoPlayerProjectEO.app */,
			);
			name = Products;
			sourceTree = "<group>";
		};
		04247E3623707F340041C864 /* VideoPlayerProjectEO */ = {
			isa = PBXGroup;
			children = (
				04247E3723707F340041C864 /* AppDelegate.swift */,
				04247E3923707F340041C864 /* SceneDelegate.swift */,
				04247E3B23707F340041C864 /* ViewController.swift */,
				04247E4B23707F5F0041C864 /* shark.mp4 */,
				04247E3D23707F340041C864 /* Main.storyboard */,
				04247E4023707F450041C864 /* Assets.xcassets */,
				04247E4223707F450041C864 /* LaunchScreen.storyboard */,
				04247E4523707F450041C864 /* Info.plist */,
			);
			path = VideoPlayerProjectEO;
			sourceTree = "<group>";
		};
/* End PBXGroup section */

/* Begin PBXNativeTarget section */
		04247E3323707F340041C864 /* VideoPlayerProjectEO */ = {
			isa = PBXNativeTarget;
			buildConfigurationList = 04247E4823707F450041C864 /* Build configuration list for PBXNativeTarget "VideoPlayerProjectEO" */;
			buildPhases = (
				04247E3023707F340041C864 /* Sources */,
				04247E3123707F340041C864 /* Frameworks */,
				04247E3223707F340041C864 /* Resources */,
			);
			buildRules = (
			);
			dependencies = (
			);
			name = VideoPlayerProjectEO;
			productName = VideoPlayerProjectEO;
			productReference = 04247E3423707F340041C864 /* VideoPlayerProjectEO.app */;
			productType = "com.apple.product-type.application";
		};
/* End PBXNativeTarget section */

/* Begin PBXProject section */
		04247E2C23707F330041C864 /* Project object */ = {
			isa = PBXProject;
			attributes = {
				LastSwiftUpdateCheck = 1110;
				LastUpgradeCheck = 1110;
				ORGANIZATIONNAME = EricOusouphan;
				TargetAttributes = {
					04247E3323707F340041C864 = {
						CreatedOnToolsVersion = 11.1;
					};
				};
			};
			buildConfigurationList = 04247E2F23707F330041C864 /* Build configuration list for PBXProject "VideoPlayerProjectEO" */;
			compatibilityVersion = "Xcode 9.3";
			developmentRegion = en;
			hasScannedForEncodings = 0;
			knownRegions = (
				en,
				Base,
			);
			mainGroup = 04247E2B23707F330041C864;
			productRefGroup = 04247E3523707F340041C864 /* Products */;
			projectDirPath = "";
			projectRoot = "";
			targets = (
				04247E3323707F340041C864 /* VideoPlayerProjectEO */,
			);
		};
/* End PBXProject section */

/* Begin PBXResourcesBuildPhase section */
		04247E3223707F340041C864 /* Resources */ = {
			isa = PBXResourcesBuildPhase;
			buildActionMask = 2147483647;
			files = (
				04247E4D237080850041C864 /* shark.mp4 in Resources */,
				04247E4423707F450041C864 /* LaunchScreen.storyboard in Resources */,
				04247E4123707F450041C864 /* Assets.xcassets in Resources */,
				04247E3F23707F340041C864 /* Main.storyboard in Resources */,
			);
			runOnlyForDeploymentPostprocessing = 0;
		};
/* End PBXResourcesBuildPhase section */

/* Begin PBXSourcesBuildPhase section */
		04247E3023707F340041C864 /* Sources */ = {
			isa = PBXSourcesBuildPhase;
			buildActionMask = 2147483647;
			files = (
				04247E3C23707F340041C864 /* ViewController.swift in Sources */,
				04247E3823707F340041C864 /* AppDelegate.swift in Sources */,
				04247E3A23707F340041C864 /* SceneDelegate.swift in Sources */,
			);
			runOnlyForDeploymentPostprocessing = 0;
		};
/* End PBXSourcesBuildPhase section */

/* Begin PBXVariantGroup section */
		04247E3D23707F340041C864 /* Main.storyboard */ = {
			isa = PBXVariantGroup;
			children = (
				04247E3E23707F340041C864 /* Base */,
			);
			name = Main.storyboard;
			sourceTree = "<group>";
		};
		04247E4223707F450041C864 /* LaunchScreen.storyboard */ = {
			isa = PBXVariantGroup;
			children = (
				04247E4323707F450041C864 /* Base */,
			);
			name = LaunchScreen.storyboard;
			sourceTree = "<group>";
		};
/* End PBXVariantGroup section */

/* Begin XCBuildConfiguration section */
		04247E4623707F450041C864 /* Debug */ = {
			isa = XCBuildConfiguration;
			buildSettings = {
				ALWAYS_SEARCH_USER_PATHS = NO;
				CLANG_ANALYZER_NONNULL = YES;
				CLANG_ANALYZER_NUMBER_OBJECT_CONVERSION = YES_AGGRESSIVE;
				CLANG_CXX_LANGUAGE_STANDARD = "gnu++14";
				CLANG_CXX_LIBRARY = "libc++";
				CLANG_ENABLE_MODULES = YES;
				CLANG_ENABLE_OBJC_ARC = YES;
				CLANG_ENABLE_OBJC_WEAK = YES;
				CLANG_WARN_BLOCK_CAPTURE_AUTORELEASING = YES;
				CLANG_WARN_BOOL_CONVERSION = YES;
				CLANG_WARN_COMMA = YES;
				CLANG_WARN_CONSTANT_CONVERSION = YES;
				CLANG_WARN_DEPRECATED_OBJC_IMPLEMENTATIONS = YES;
				CLANG_WARN_DIRECT_OBJC_ISA_USAGE = YES_ERROR;
				CLANG_WARN_DOCUMENTATION_COMMENTS = YES;
				CLANG_WARN_EMPTY_BODY = YES;
				CLANG_WARN_ENUM_CONVERSION = YES;
				CLANG_WARN_INFINITE_RECURSION = YES;
				CLANG_WARN_INT_CONVERSION = YES;
				CLANG_WARN_NON_LITERAL_NULL_CONVERSION = YES;
				CLANG_WARN_OBJC_IMPLICIT_RETAIN_SELF = YES;
				CLANG_WARN_OBJC_LITERAL_CONVERSION = YES;
				CLANG_WARN_OBJC_ROOT_CLASS = YES_ERROR;
				CLANG_WARN_RANGE_LOOP_ANALYSIS = YES;
				CLANG_WARN_STRICT_PROTOTYPES = YES;
				CLANG_WARN_SUSPICIOUS_MOVE = YES;
				CLANG_WARN_UNGUARDED_AVAILABILITY = YES_AGGRESSIVE;
				CLANG_WARN_UNREACHABLE_CODE = YES;
				CLANG_WARN__DUPLICATE_METHOD_MATCH = YES;
				COPY_PHASE_STRIP = NO;
				DEBUG_INFORMATION_FORMAT = dwarf;
				ENABLE_STRICT_OBJC_MSGSEND = YES;
				ENABLE_TESTABILITY = YES;
				GCC_C_LANGUAGE_STANDARD = gnu11;
				GCC_DYNAMIC_NO_PIC = NO;
				GCC_NO_COMMON_BLOCKS = YES;
				GCC_OPTIMIZATION_LEVEL = 0;
				GCC_PREPROCESSOR_DEFINITIONS = (
					"DEBUG=1",
					"$(inherited)",
				);
				GCC_WARN_64_TO_32_BIT_CONVERSION = YES;
				GCC_WARN_ABOUT_RETURN_TYPE = YES_ERROR;
				GCC_WARN_UNDECLARED_SELECTOR = YES;
				GCC_WARN_UNINITIALIZED_AUTOS = YES_AGGRESSIVE;
				GCC_WARN_UNUSED_FUNCTION = YES;
				GCC_WARN_UNUSED_VARIABLE = YES;
				IPHONEOS_DEPLOYMENT_TARGET = 13.1;
				MTL_ENABLE_DEBUG_INFO = INCLUDE_SOURCE;
				MTL_FAST_MATH = YES;
				ONLY_ACTIVE_ARCH = YES;
				SDKROOT = iphoneos;
				SWIFT_ACTIVE_COMPILATION_CONDITIONS = DEBUG;
				SWIFT_OPTIMIZATION_LEVEL = "-Onone";
			};
			name = Debug;
		};
		04247E4723707F450041C864 /* Release */ = {
			isa = XCBuildConfiguration;
			buildSettings = {
				ALWAYS_SEARCH_USER_PATHS = NO;
				CLANG_ANALYZER_NONNULL = YES;
				CLANG_ANALYZER_NUMBER_OBJECT_CONVERSION = YES_AGGRESSIVE;
				CLANG_CXX_LANGUAGE_STANDARD = "gnu++14";
				CLANG_CXX_LIBRARY = "libc++";
				CLANG_ENABLE_MODULES = YES;
				CLANG_ENABLE_OBJC_ARC = YES;
				CLANG_ENABLE_OBJC_WEAK = YES;
				CLANG_WARN_BLOCK_CAPTURE_AUTORELEASING = YES;
				CLANG_WARN_BOOL_CONVERSION = YES;
				CLANG_WARN_COMMA = YES;
				CLANG_WARN_CONSTANT_CONVERSION = YES;
				CLANG_WARN_DEPRECATED_OBJC_IMPLEMENTATIONS = YES;
				CLANG_WARN_DIRECT_OBJC_ISA_USAGE = YES_ERROR;
				CLANG_WARN_DOCUMENTATION_COMMENTS = YES;
				CLANG_WARN_EMPTY_BODY = YES;
				CLANG_WARN_ENUM_CONVERSION = YES;
				CLANG_WARN_INFINITE_RECURSION = YES;
				CLANG_WARN_INT_CONVERSION = YES;
				CLANG_WARN_NON_LITERAL_NULL_CONVERSION = YES;
				CLANG_WARN_OBJC_IMPLICIT_RETAIN_SELF = YES;
				CLANG_WARN_OBJC_LITERAL_CONVERSION = YES;
				CLANG_WARN_OBJC_ROOT_CLASS = YES_ERROR;
				CLANG_WARN_RANGE_LOOP_ANALYSIS = YES;
				CLANG_WARN_STRICT_PROTOTYPES = YES;
				CLANG_WARN_SUSPICIOUS_MOVE = YES;
				CLANG_WARN_UNGUARDED_AVAILABILITY = YES_AGGRESSIVE;
				CLANG_WARN_UNREACHABLE_CODE = YES;
				CLANG_WARN__DUPLICATE_METHOD_MATCH = YES;
				COPY_PHASE_STRIP = NO;
				DEBUG_INFORMATION_FORMAT = "dwarf-with-dsym";
				ENABLE_NS_ASSERTIONS = NO;
				ENABLE_STRICT_OBJC_MSGSEND = YES;
				GCC_C_LANGUAGE_STANDARD = gnu11;
				GCC_NO_COMMON_BLOCKS = YES;
				GCC_WARN_64_TO_32_BIT_CONVERSION = YES;
				GCC_WARN_ABOUT_RETURN_TYPE = YES_ERROR;
				GCC_WARN_UNDECLARED_SELECTOR = YES;
				GCC_WARN_UNINITIALIZED_AUTOS = YES_AGGRESSIVE;
				GCC_WARN_UNUSED_FUNCTION = YES;
				GCC_WARN_UNUSED_VARIABLE = YES;
				IPHONEOS_DEPLOYMENT_TARGET = 13.1;
				MTL_ENABLE_DEBUG_INFO = NO;
				MTL_FAST_MATH = YES;
				SDKROOT = iphoneos;
				SWIFT_COMPILATION_MODE = wholemodule;
				SWIFT_OPTIMIZATION_LEVEL = "-O";
				VALIDATE_PRODUCT = YES;
			};
			name = Release;
		};
		04247E4923707F450041C864 /* Debug */ = {
			isa = XCBuildConfiguration;
			buildSettings = {
				ASSETCATALOG_COMPILER_APPICON_NAME = AppIcon;
				CODE_SIGN_STYLE = Automatic;
				INFOPLIST_FILE = VideoPlayerProjectEO/Info.plist;
				LD_RUNPATH_SEARCH_PATHS = (
					"$(inherited)",
					"@executable_path/Frameworks",
				);
				PRODUCT_BUNDLE_IDENTIFIER = com.ousouphan.project.VideoPlayerProjectEO;
				PRODUCT_NAME = "$(TARGET_NAME)";
				SWIFT_VERSION = 5.0;
				TARGETED_DEVICE_FAMILY = "1,2";
			};
			name = Debug;
		};
		04247E4A23707F450041C864 /* Release */ = {
			isa = XCBuildConfiguration;
			buildSettings = {
				ASSETCATALOG_COMPILER_APPICON_NAME = AppIcon;
				CODE_SIGN_STYLE = Automatic;
				INFOPLIST_FILE = VideoPlayerProjectEO/Info.plist;
				LD_RUNPATH_SEARCH_PATHS = (
					"$(inherited)",
					"@executable_path/Frameworks",
				);
				PRODUCT_BUNDLE_IDENTIFIER = com.ousouphan.project.VideoPlayerProjectEO;
				PRODUCT_NAME = "$(TARGET_NAME)";
				SWIFT_VERSION = 5.0;
				TARGETED_DEVICE_FAMILY = "1,2";
			};
			name = Release;
		};
/* End XCBuildConfiguration section */

/* Begin XCConfigurationList section */
		04247E2F23707F330041C864 /* Build configuration list for PBXProject "VideoPlayerProjectEO" */ = {
			isa = XCConfigurationList;
			buildConfigurations = (
				04247E4623707F450041C864 /* Debug */,
				04247E4723707F450041C864 /* Release */,
			);
			defaultConfigurationIsVisible = 0;
			defaultConfigurationName = Release;
		};
		04247E4823707F450041C864 /* Build configuration list for PBXNativeTarget "VideoPlayerProjectEO" */ = {
			isa = XCConfigurationList;
			buildConfigurations = (
				04247E4923707F450041C864 /* Debug */,
				04247E4A23707F450041C864 /* Release */,
			);
			defaultConfigurationIsVisible = 0;
			defaultConfigurationName = Release;
		};
/* End XCConfigurationList section */
	};
	rootObject = 04247E2C23707F330041C864 /* Project object */;
}
